PODS:
  - Alamofire (5.8.1)
  - Differentiator (5.0.0)
  - DropDown (2.3.4)
  - Firebase/Analytics (10.18.0):
    - Firebase/Core
  - Firebase/Core (10.18.0):
    - Firebase/CoreOnly
    - FirebaseAnalytics (~> 10.18.0)
  - Firebase/CoreOnly (10.18.0):
    - FirebaseCore (= 10.18.0)
  - Firebase/Crashlytics (10.18.0):
    - Firebase/CoreOnly
    - FirebaseCrashlytics (~> 10.18.0)
  - Firebase/Messaging (10.18.0):
    - Firebase/CoreOnly
    - FirebaseMessaging (~> 10.18.0)
  - Firebase/RemoteConfig (10.18.0):
    - Firebase/CoreOnly
    - FirebaseRemoteConfig (~> 10.18.0)
  - FirebaseABTesting (10.18.0):
    - FirebaseCore (~> 10.0)
  - FirebaseAnalytics (10.18.0):
    - FirebaseAnalytics/AdIdSupport (= 10.18.0)
    - FirebaseCore (~> 10.0)
    - FirebaseInstallations (~> 10.0)
    - GoogleUtilities/AppDelegateSwizzler (~> 7.11)
    - GoogleUtilities/MethodSwizzler (~> 7.11)
    - GoogleUtilities/Network (~> 7.11)
    - "GoogleUtilities/NSData+zlib (~> 7.11)"
    - nanopb (< 2.30910.0, >= 2.30908.0)
  - FirebaseAnalytics/AdIdSupport (10.18.0):
    - FirebaseCore (~> 10.0)
    - FirebaseInstallations (~> 10.0)
    - GoogleAppMeasurement (= 10.18.0)
    - GoogleUtilities/AppDelegateSwizzler (~> 7.11)
    - GoogleUtilities/MethodSwizzler (~> 7.11)
    - GoogleUtilities/Network (~> 7.11)
    - "GoogleUtilities/NSData+zlib (~> 7.11)"
    - nanopb (< 2.30910.0, >= 2.30908.0)
  - FirebaseCore (10.18.0):
    - FirebaseCoreInternal (~> 10.0)
    - GoogleUtilities/Environment (~> 7.12)
    - GoogleUtilities/Logger (~> 7.12)
  - FirebaseCoreExtension (10.18.0):
    - FirebaseCore (~> 10.0)
  - FirebaseCoreInternal (10.18.0):
    - "GoogleUtilities/NSData+zlib (~> 7.8)"
  - FirebaseCrashlytics (10.18.0):
    - FirebaseCore (~> 10.5)
    - FirebaseInstallations (~> 10.0)
    - FirebaseSessions (~> 10.5)
    - GoogleDataTransport (~> 9.2)
    - GoogleUtilities/Environment (~> 7.8)
    - nanopb (< 2.30910.0, >= 2.30908.0)
    - PromisesObjC (~> 2.1)
  - FirebaseInstallations (10.18.0):
    - FirebaseCore (~> 10.0)
    - GoogleUtilities/Environment (~> 7.8)
    - GoogleUtilities/UserDefaults (~> 7.8)
    - PromisesObjC (~> 2.1)
  - FirebaseMessaging (10.18.0):
    - FirebaseCore (~> 10.0)
    - FirebaseInstallations (~> 10.0)
    - GoogleDataTransport (~> 9.2)
    - GoogleUtilities/AppDelegateSwizzler (~> 7.8)
    - GoogleUtilities/Environment (~> 7.8)
    - GoogleUtilities/Reachability (~> 7.8)
    - GoogleUtilities/UserDefaults (~> 7.8)
    - nanopb (< 2.30910.0, >= 2.30908.0)
  - FirebaseRemoteConfig (10.18.0):
    - FirebaseABTesting (~> 10.0)
    - FirebaseCore (~> 10.0)
    - FirebaseInstallations (~> 10.0)
    - FirebaseSharedSwift (~> 10.0)
    - GoogleUtilities/Environment (~> 7.8)
    - "GoogleUtilities/NSData+zlib (~> 7.8)"
  - FirebaseSessions (10.18.0):
    - FirebaseCore (~> 10.5)
    - FirebaseCoreExtension (~> 10.0)
    - FirebaseInstallations (~> 10.0)
    - GoogleDataTransport (~> 9.2)
    - GoogleUtilities/Environment (~> 7.10)
    - nanopb (< 2.30910.0, >= 2.30908.0)
    - PromisesSwift (~> 2.1)
  - FirebaseSharedSwift (10.18.0)
  - GADManager (1.2.25):
    - Google-Mobile-Ads-SDK
  - Google-Mobile-Ads-SDK (10.13.0):
    - GoogleAppMeasurement (< 11.0, >= 7.0)
    - GoogleUserMessagingPlatform (>= 1.1)
  - GoogleAppMeasurement (10.18.0):
    - GoogleAppMeasurement/AdIdSupport (= 10.18.0)
    - GoogleUtilities/AppDelegateSwizzler (~> 7.11)
    - GoogleUtilities/MethodSwizzler (~> 7.11)
    - GoogleUtilities/Network (~> 7.11)
    - "GoogleUtilities/NSData+zlib (~> 7.11)"
    - nanopb (< 2.30910.0, >= 2.30908.0)
  - GoogleAppMeasurement/AdIdSupport (10.18.0):
    - GoogleAppMeasurement/WithoutAdIdSupport (= 10.18.0)
    - GoogleUtilities/AppDelegateSwizzler (~> 7.11)
    - GoogleUtilities/MethodSwizzler (~> 7.11)
    - GoogleUtilities/Network (~> 7.11)
    - "GoogleUtilities/NSData+zlib (~> 7.11)"
    - nanopb (< 2.30910.0, >= 2.30908.0)
  - GoogleAppMeasurement/WithoutAdIdSupport (10.18.0):
    - GoogleUtilities/AppDelegateSwizzler (~> 7.11)
    - GoogleUtilities/MethodSwizzler (~> 7.11)
    - GoogleUtilities/Network (~> 7.11)
    - "GoogleUtilities/NSData+zlib (~> 7.11)"
    - nanopb (< 2.30910.0, >= 2.30908.0)
  - GoogleDataTransport (9.2.5):
    - GoogleUtilities/Environment (~> 7.7)
    - nanopb (< 2.30910.0, >= 2.30908.0)
    - PromisesObjC (< 3.0, >= 1.2)
  - GoogleUserMessagingPlatform (2.1.0)
  - GoogleUtilities/AppDelegateSwizzler (7.12.0):
    - GoogleUtilities/Environment
    - GoogleUtilities/Logger
    - GoogleUtilities/Network
  - GoogleUtilities/Environment (7.12.0):
    - PromisesObjC (< 3.0, >= 1.2)
  - GoogleUtilities/Logger (7.12.0):
    - GoogleUtilities/Environment
  - GoogleUtilities/MethodSwizzler (7.12.0):
    - GoogleUtilities/Logger
  - GoogleUtilities/Network (7.12.0):
    - GoogleUtilities/Logger
    - "GoogleUtilities/NSData+zlib"
    - GoogleUtilities/Reachability
  - "GoogleUtilities/NSData+zlib (7.12.0)"
  - GoogleUtilities/Reachability (7.12.0):
    - GoogleUtilities/Logger
  - GoogleUtilities/UserDefaults (7.12.0):
    - GoogleUtilities/Logger
  - KakaoSDKCommon (2.19.0):
    - KakaoSDKCommon/Common (= 2.19.0)
    - KakaoSDKCommon/Network (= 2.19.0)
  - KakaoSDKCommon/Common (2.19.0)
  - KakaoSDKCommon/Network (2.19.0):
    - Alamofire (~> 5.1)
    - KakaoSDKCommon/Common (= 2.19.0)
  - KakaoSDKShare (2.19.0):
    - KakaoSDKCommon (= 2.19.0)
    - KakaoSDKTemplate (= 2.19.0)
  - KakaoSDKTemplate (2.19.0):
    - KakaoSDKCommon/Common (= 2.19.0)
  - LSCountDownLabel (0.0.3)
  - LSExtensions (0.1.20)
  - nanopb (2.30909.1):
    - nanopb/decode (= 2.30909.1)
    - nanopb/encode (= 2.30909.1)
  - nanopb/decode (2.30909.1)
  - nanopb/encode (2.30909.1)
  - ProgressWebViewController (3.1.0)
  - PromisesObjC (2.3.1)
  - PromisesSwift (2.3.1):
    - PromisesObjC (= 2.3.1)
  - RxCocoa (6.6.0):
    - RxRelay (= 6.6.0)
    - RxSwift (= 6.6.0)
  - RxDataSources (5.0.0):
    - Differentiator (~> 5.0)
    - RxCocoa (~> 6.0)
    - RxSwift (~> 6.0)
  - RxRelay (6.6.0):
    - RxSwift (= 6.6.0)
  - RxSwift (6.6.0)
  - SSZipArchive (0.4.0)
  - StringLogger (0.6)
  - SwiftGifOrigin (1.7.0)
  - Toast-Swift (5.0.1)
  - XlsxReaderWriter (1.0.11):
    - SSZipArchive (~> 0.4)
    - XMLDictionary (~> 1.4)
  - XMLDictionary (1.4.1)

DEPENDENCIES:
  - Alamofire
  - DropDown (= 2.3.4)
  - Firebase/Analytics
  - Firebase/Crashlytics
  - Firebase/Messaging
  - Firebase/RemoteConfig
  - GADManager
  - KakaoSDKShare
  - LSCountDownLabel
  - LSExtensions
  - ProgressWebViewController
  - RxCocoa
  - RxDataSources
  - RxSwift
  - StringLogger
  - SwiftGifOrigin
  - Toast-Swift
  - XlsxReaderWriter

SPEC REPOS:
  trunk:
    - Alamofire
    - Differentiator
    - DropDown
    - Firebase
    - FirebaseABTesting
    - FirebaseAnalytics
    - FirebaseCore
    - FirebaseCoreExtension
    - FirebaseCoreInternal
    - FirebaseCrashlytics
    - FirebaseInstallations
    - FirebaseMessaging
    - FirebaseRemoteConfig
    - FirebaseSessions
    - FirebaseSharedSwift
    - GADManager
    - Google-Mobile-Ads-SDK
    - GoogleAppMeasurement
    - GoogleDataTransport
    - GoogleUserMessagingPlatform
    - GoogleUtilities
    - KakaoSDKCommon
    - KakaoSDKShare
    - KakaoSDKTemplate
    - LSCountDownLabel
    - LSExtensions
    - nanopb
    - ProgressWebViewController
    - PromisesObjC
    - PromisesSwift
    - RxCocoa
    - RxDataSources
    - RxRelay
    - RxSwift
    - SSZipArchive
    - StringLogger
    - SwiftGifOrigin
    - Toast-Swift
    - XlsxReaderWriter
    - XMLDictionary

SPEC CHECKSUMS:
  Alamofire: 3ca42e259043ee0dc5c0cdd76c4bc568b8e42af7
  Differentiator: e8497ceab83c1b10ca233716d547b9af21b9344d
  DropDown: f225ff0fd09dde064d17aa03db7e4d4e4ff40b6b
  Firebase: 414ad272f8d02dfbf12662a9d43f4bba9bec2a06
  FirebaseABTesting: d8b10ff4c6d1a9d6b11f02a08463ad5fd9fc6b1b
  FirebaseAnalytics: 4d310b35c48eaa4a058ddc04bdca6bdb5dc0fe80
  FirebaseCore: 2322423314d92f946219c8791674d2f3345b598f
  FirebaseCoreExtension: 62b201498aa10535801cdf3448c7f4db5e24ed80
  FirebaseCoreInternal: 8eb002e564b533bdcf1ba011f33f2b5c10e2ed4a
  FirebaseCrashlytics: 86d5bce01f42fa1db265f87ff1d591f04db610ec
  FirebaseInstallations: e842042ec6ac1fd2e37d7706363ebe7f662afea4
  FirebaseMessaging: 9bc34a98d2e0237e1b121915120d4d48ddcf301e
  FirebaseRemoteConfig: bbd42790a4e84fde6aab7eae810b608e7b5c0bf6
  FirebaseSessions: f90fe9212ee2818641eda051c0835c9c4e30d9ae
  FirebaseSharedSwift: 62e248642c0582324d0390706cadd314687c116b
  GADManager: 81730368dec4bc1eb7f9abf001b8a6a36aad44e5
  Google-Mobile-Ads-SDK: 517003a1a2430005da3e85df4d061cd7de107a5a
  GoogleAppMeasurement: 70ce9aa438cff1cfb31ea3e660bcc67734cb716e
  GoogleDataTransport: 54dee9d48d14580407f8f5fbf2f496e92437a2f2
  GoogleUserMessagingPlatform: dce302b8f1b84d6e945812ee7a15c3f65a102cbf
  GoogleUtilities: 0759d1a57ebb953965c2dfe0ba4c82e95ccc2e34
  KakaoSDKCommon: d642a52ccf618036478643694212c072d5eceea6
  KakaoSDKShare: 07a70ea20cea3b1c507991eac600800a42609590
  KakaoSDKTemplate: bb6cc31aec26a7f876fb66ee4c8882f9ce1ca2d5
  LSCountDownLabel: 28be4e980e0799fe9076b0610cda08a268537513
  LSExtensions: 6149f08a8970a5b38d05450b5eef570c6564fd8d
  nanopb: d4d75c12cd1316f4a64e3c6963f879ecd4b5e0d5
  ProgressWebViewController: 0ce9222cfabaa07918d266c210c62255872820f4
  PromisesObjC: c50d2056b5253dadbd6c2bea79b0674bd5a52fa4
  PromisesSwift: 28dca69a9c40779916ac2d6985a0192a5cb4a265
  RxCocoa: 44a80de90e25b739b5aeaae3c8c371a32e3343cc
  RxDataSources: aa47cc1ed6c500fa0dfecac5c979b723542d79cf
  RxRelay: 45eaa5db8ee4fb50e5ebd57deec0159e97fa51e6
  RxSwift: a4b44f7d24599f674deebd1818eab82e58410632
  SSZipArchive: d3d66fc0e3fb6ac0f723d95481aae71aae916cc3
  StringLogger: 86995c3054f2bc4039fec944f1cfda1f9659ca39
  SwiftGifOrigin: fbd6cf37afcfcf97a5c3db996ddc0492e5c5c145
  Toast-Swift: 9b6a70f28b3bf0b96c40d46c0c4b9d6639846711
  XlsxReaderWriter: 7e4c5c9fb7c4e78e4edc89fa11f50c086540277c
  XMLDictionary: fa07b6ff422b3a91d47a5de9bc82e3fc04fbd167

PODFILE CHECKSUM: 84c2f67d1b91bd6414ba9a047dd975a2d2e8b49d

COCOAPODS: 1.14.2
