// !$*UTF8*$!
{
	archiveVersion = 1;
	classes = {
	};
	objectVersion = 46;
	objects = {

/* Begin PBXBuildFile section */
		0D7884B12B820EF3FBD64900 /* Pods_realtornote.framework in Frameworks */ = {isa = PBXBuildFile; fileRef = BB359B9258AE056390FB4C12 /* Pods_realtornote.framework */; };
		2C04BD1E1F286DE60010CD69 /* RNSubjectViewController.swift in Sources */ = {isa = PBXBuildFile; fileRef = 2C04BD1D1F286DE60010CD69 /* RNSubjectViewController.swift */; };
		2C0D808D1F25C7D9002F58A5 /* AppDelegate.swift in Sources */ = {isa = PBXBuildFile; fileRef = 2C0D808C1F25C7D9002F58A5 /* AppDelegate.swift */; };
		2C0D80911F25C7D9002F58A5 /* SecondViewController.swift in Sources */ = {isa = PBXBuildFile; fileRef = 2C0D80901F25C7D9002F58A5 /* SecondViewController.swift */; };
		2C0D80941F25C7D9002F58A5 /* Main.storyboard in Resources */ = {isa = PBXBuildFile; fileRef = 2C0D80921F25C7D9002F58A5 /* Main.storyboard */; };
		2C0D80961F25C7D9002F58A5 /* Assets.xcassets in Resources */ = {isa = PBXBuildFile; fileRef = 2C0D80951F25C7D9002F58A5 /* Assets.xcassets */; };
		2C0D80991F25C7D9002F58A5 /* LaunchScreen.storyboard in Resources */ = {isa = PBXBuildFile; fileRef = 2C0D80971F25C7D9002F58A5 /* LaunchScreen.storyboard */; };
		2C0D80A41F25C7DA002F58A5 /* realtornoteTests.swift in Sources */ = {isa = PBXBuildFile; fileRef = 2C0D80A31F25C7DA002F58A5 /* realtornoteTests.swift */; };
		2C0D80AF1F25C7DA002F58A5 /* realtornoteUITests.swift in Sources */ = {isa = PBXBuildFile; fileRef = 2C0D80AE1F25C7DA002F58A5 /* realtornoteUITests.swift */; };
		2C0D80BF1F25C989002F58A5 /* MainViewController.swift in Sources */ = {isa = PBXBuildFile; fileRef = 2C0D80BE1F25C989002F58A5 /* MainViewController.swift */; };
		2C129F8E22C64B6900091C19 /* Analytics+.swift in Sources */ = {isa = PBXBuildFile; fileRef = 2C129F8D22C64B6900091C19 /* Analytics+.swift */; };
		2C12B004208B87AB00242517 /* .gitignore in Resources */ = {isa = PBXBuildFile; fileRef = 2C12B003208B87AB00242517 /* .gitignore */; };
		2C13CB3E211B1F4500312C73 /* GoogleService-Info.plist in Resources */ = {isa = PBXBuildFile; fileRef = 2C13CB3D211B1F4500312C73 /* GoogleService-Info.plist */; };
		2C14D2E71F5EAFE3000EDF9E /* GADRewardManager.swift in Sources */ = {isa = PBXBuildFile; fileRef = 2C14D2E61F5EAFE3000EDF9E /* GADRewardManager.swift */; };
		2C155A69211EBA8F00028266 /* firebase_crash.json in Resources */ = {isa = PBXBuildFile; fileRef = 2C155A68211EBA8F00028266 /* firebase_crash.json */; };
		2C1938081F272C0900E4BCFB /* RNExcelController.swift in Sources */ = {isa = PBXBuildFile; fileRef = 2C1938071F272C0900E4BCFB /* RNExcelController.swift */; };
		2C19380F1F27300A00E4BCFB /* LSDefaults.swift in Sources */ = {isa = PBXBuildFile; fileRef = 2C19380E1F27300A00E4BCFB /* LSDefaults.swift */; };
		2C1938171F27393800E4BCFB /* realtornote.xlsx in Resources */ = {isa = PBXBuildFile; fileRef = 2C1938101F2730D700E4BCFB /* realtornote.xlsx */; };
		2C19381C1F273EFB00E4BCFB /* RNExcelChapter.swift in Sources */ = {isa = PBXBuildFile; fileRef = 2C1938191F273EFB00E4BCFB /* RNExcelChapter.swift */; };
		2C19381E1F273EFB00E4BCFB /* RNExcelSubject.swift in Sources */ = {isa = PBXBuildFile; fileRef = 2C19381B1F273EFB00E4BCFB /* RNExcelSubject.swift */; };
		2C1938201F27410400E4BCFB /* RNExcelController+RNExcelSubject.swift in Sources */ = {isa = PBXBuildFile; fileRef = 2C19381F1F27410400E4BCFB /* RNExcelController+RNExcelSubject.swift */; };
		2C1938241F274D5F00E4BCFB /* RNExcelPart.swift in Sources */ = {isa = PBXBuildFile; fileRef = 2C1938231F274D5F00E4BCFB /* RNExcelPart.swift */; };
		2C1938261F274EA800E4BCFB /* RNExcelController+RNExcelChapter.swift in Sources */ = {isa = PBXBuildFile; fileRef = 2C1938251F274EA800E4BCFB /* RNExcelController+RNExcelChapter.swift */; };
		2C1DBD8B2037F42B0009E531 /* RNInternetViewController.swift in Sources */ = {isa = PBXBuildFile; fileRef = 2C1DBD8A2037F42B0009E531 /* RNInternetViewController.swift */; };
		2C2140191F39C08F00BDF853 /* LSDocumentRecognizer.swift in Sources */ = {isa = PBXBuildFile; fileRef = 2C2140181F39C08F00BDF853 /* LSDocumentRecognizer.swift */; };
		2C2FB9852359DE7300CFD891 /* GoogleService-Info-FCM.plist in Resources */ = {isa = PBXBuildFile; fileRef = 2C2FB9842359DE7300CFD891 /* GoogleService-Info-FCM.plist */; };
		2C4AE7BD1F2751AD00644322 /* RNExcelController+RNExcelPart.swift in Sources */ = {isa = PBXBuildFile; fileRef = 2C4AE7BC1F2751AD00644322 /* RNExcelController+RNExcelPart.swift */; };
		2C4AE7C01F27581E00644322 /* realtornote.xcdatamodeld in Sources */ = {isa = PBXBuildFile; fileRef = 2C4AE7BE1F27581E00644322 /* realtornote.xcdatamodeld */; };
		2C4AE7C41F275ED200644322 /* RNModelController.swift in Sources */ = {isa = PBXBuildFile; fileRef = 2C4AE7C31F275ED200644322 /* RNModelController.swift */; };
		2C4AE7C61F27631C00644322 /* RNModelController+RNSubjectInfo.swift in Sources */ = {isa = PBXBuildFile; fileRef = 2C4AE7C51F27631C00644322 /* RNModelController+RNSubjectInfo.swift */; };
		2C4AE7C81F27689D00644322 /* RNModelController+RNChapterInfo.swift in Sources */ = {isa = PBXBuildFile; fileRef = 2C4AE7C71F27689D00644322 /* RNModelController+RNChapterInfo.swift */; };
		2C4AE7CA1F276DB000644322 /* RNModelController+RNPartInfo.swift in Sources */ = {isa = PBXBuildFile; fileRef = 2C4AE7C91F276DB000644322 /* RNModelController+RNPartInfo.swift */; };
		2C4AE7CD1F276F6400644322 /* RNModelController+RNExcelController.swift in Sources */ = {isa = PBXBuildFile; fileRef = 2C4AE7CC1F276F6400644322 /* RNModelController+RNExcelController.swift */; };
		2C4AE7CF1F27782100644322 /* RNSubjectInfo+RNExcelSubject.swift in Sources */ = {isa = PBXBuildFile; fileRef = 2C4AE7CE1F27782100644322 /* RNSubjectInfo+RNExcelSubject.swift */; };
		2C4AE7D31F277F2F00644322 /* RNSubjectInfo+.swift in Sources */ = {isa = PBXBuildFile; fileRef = 2C4AE7D21F277F2F00644322 /* RNSubjectInfo+.swift */; };
		2C4AE7D51F27812700644322 /* RNChapterInfo+.swift in Sources */ = {isa = PBXBuildFile; fileRef = 2C4AE7D41F27812700644322 /* RNChapterInfo+.swift */; };
		2C4AE7D71F27879400644322 /* RNChapterInfo+RNExcelChapter.swift in Sources */ = {isa = PBXBuildFile; fileRef = 2C4AE7D61F27879400644322 /* RNChapterInfo+RNExcelChapter.swift */; };
		2C542EA41F288EB9000C21E3 /* RNPartViewController.swift in Sources */ = {isa = PBXBuildFile; fileRef = 2C542EA31F288EB9000C21E3 /* RNPartViewController.swift */; };
		2C5C058F20C6AEBA0064E4DB /* RNPushController.swift in Sources */ = {isa = PBXBuildFile; fileRef = 2C5C058E20C6AEBA0064E4DB /* RNPushController.swift */; };
		2C5C059120C6AFCA0064E4DB /* realtornote.plist in Resources */ = {isa = PBXBuildFile; fileRef = 2C5C059020C6AFCA0064E4DB /* realtornote.plist */; };
		2C8669BD292A1641002A2EB7 /* LSRemoteConfig.swift in Sources */ = {isa = PBXBuildFile; fileRef = 2CA7A3D02927C63F00AB82F7 /* LSRemoteConfig.swift */; };
		2C8669BF292A6C0F002A2EB7 /* DonationMessgeType.swift in Sources */ = {isa = PBXBuildFile; fileRef = 2C8669BE292A6C0F002A2EB7 /* DonationMessgeType.swift */; };
		2C93E4381F2F2AE500AFD09D /* ReviewManager.swift in Sources */ = {isa = PBXBuildFile; fileRef = 2C93E4371F2F2AE500AFD09D /* ReviewManager.swift */; };
		2C93E4401F2F2C2C00AFD09D /* UIApplication+KakaoLink.swift in Sources */ = {isa = PBXBuildFile; fileRef = 2C93E43F1F2F2C2C00AFD09D /* UIApplication+KakaoLink.swift */; };
		2C93E4421F2F32E000AFD09D /* GADInterstitial+.swift in Sources */ = {isa = PBXBuildFile; fileRef = 2C93E4411F2F32E000AFD09D /* GADInterstitial+.swift */; };
		2C93E4441F2F32EE00AFD09D /* GADBannerView+.swift in Sources */ = {isa = PBXBuildFile; fileRef = 2C93E4431F2F32EE00AFD09D /* GADBannerView+.swift */; };
		2C93E4461F2F71F900AFD09D /* Settings.bundle in Resources */ = {isa = PBXBuildFile; fileRef = 2C93E4451F2F71F900AFD09D /* Settings.bundle */; };
		2C95BECA2038007A004DCD95 /* RNTabBarController.swift in Sources */ = {isa = PBXBuildFile; fileRef = 2C95BEC92038007A004DCD95 /* RNTabBarController.swift */; };
		2CA04762292E5856001B539E /* UILabel+.swift in Sources */ = {isa = PBXBuildFile; fileRef = 2CA04761292E5856001B539E /* UILabel+.swift */; };
		2CA4678D29252086000AD4F9 /* DonateViewController.swift in Sources */ = {isa = PBXBuildFile; fileRef = 2CA4678C29252086000AD4F9 /* DonateViewController.swift */; };
		2CAD5FE924CD246E002C61E4 /* GADNativeTableViewCell.swift in Sources */ = {isa = PBXBuildFile; fileRef = 2CAD5FE824CD246E002C61E4 /* GADNativeTableViewCell.swift */; };
		2CB0F864258BA051004F6ED9 /* LSUserNotificationManager.swift in Sources */ = {isa = PBXBuildFile; fileRef = 2CB0F863258BA051004F6ED9 /* LSUserNotificationManager.swift */; };
		2CB0F86E258BAC47004F6ED9 /* RNAlarmTableViewController.swift in Sources */ = {isa = PBXBuildFile; fileRef = 2CB0F86D258BAC47004F6ED9 /* RNAlarmTableViewController.swift */; };
		2CB175CB25A5C75D00047833 /* Date+.swift in Sources */ = {isa = PBXBuildFile; fileRef = 2CB175CA25A5C75D00047833 /* Date+.swift */; };
		2CB228A9259CA37F0047DF32 /* Reactive+ObservableCollection.swift in Sources */ = {isa = PBXBuildFile; fileRef = 2CB228A8259CA37F0047DF32 /* Reactive+ObservableCollection.swift */; };
		2CB228AE259CB7AC0047DF32 /* RNAlarmTableViewCell.swift in Sources */ = {isa = PBXBuildFile; fileRef = 2CB228AD259CB7AC0047DF32 /* RNAlarmTableViewCell.swift */; };
		2CB5AD792923E643001420D1 /* Inter-Medium.ttf in Resources */ = {isa = PBXBuildFile; fileRef = 2CB5AD732923D435001420D1 /* Inter-Medium.ttf */; };
		2CB5AD7A2923E645001420D1 /* Inter-Bold.ttf in Resources */ = {isa = PBXBuildFile; fileRef = 2CB5AD742923D678001420D1 /* Inter-Bold.ttf */; };
		2CB6C860259B1B2E001BCBE4 /* RNModelController+RNAlarmInfo.swift in Sources */ = {isa = PBXBuildFile; fileRef = 2CB6C85F259B1B2E001BCBE4 /* RNModelController+RNAlarmInfo.swift */; };
		2CB6C865259B1EE2001BCBE4 /* RNAlarmModel+.swift in Sources */ = {isa = PBXBuildFile; fileRef = 2CB6C864259B1EE2001BCBE4 /* RNAlarmModel+.swift */; };
		2CB6C86C259B2005001BCBE4 /* RNAlarmManager.swift in Sources */ = {isa = PBXBuildFile; fileRef = 2CB6C86B259B2005001BCBE4 /* RNAlarmManager.swift */; };
		2CB6C8A2259B3D16001BCBE4 /* RNAlarmModel+LSUserNotification.swift in Sources */ = {isa = PBXBuildFile; fileRef = 2CB6C8A1259B3D16001BCBE4 /* RNAlarmModel+LSUserNotification.swift */; };
		2CB6C8AE259B751D001BCBE4 /* RNAlarmTableViewModel.swift in Sources */ = {isa = PBXBuildFile; fileRef = 2CB6C8AD259B751D001BCBE4 /* RNAlarmTableViewModel.swift */; };
		2CBA44A32906DAB6001537CC /* .github in Resources */ = {isa = PBXBuildFile; fileRef = 2CBA44A22906DAB6001537CC /* .github */; };
		2CBDDFC82596CE3C00039259 /* LSToast.swift in Sources */ = {isa = PBXBuildFile; fileRef = 2CBDDFC72596CE3C00039259 /* LSToast.swift */; };
		2CBDDFEE2596D1D100039259 /* LSLabel.swift in Sources */ = {isa = PBXBuildFile; fileRef = 2CBDDFED2596D1D100039259 /* LSLabel.swift */; };
		2CBDDFF32596D22B00039259 /* UIView+.swift in Sources */ = {isa = PBXBuildFile; fileRef = 2CBDDFF22596D22B00039259 /* UIView+.swift */; };
		2CBDDFF82596D94700039259 /* CGRect+.swift in Sources */ = {isa = PBXBuildFile; fileRef = 2CBDDFF72596D94700039259 /* CGRect+.swift */; };
		2CBFBF2529074DD30033DDC7 /* Fastfile in Resources */ = {isa = PBXBuildFile; fileRef = 2CBFBF2429074DD30033DDC7 /* Fastfile */; };
		2CC9AB411F2DD38700C8357E /* RNModelController+RNFavoriteInfo.swift in Sources */ = {isa = PBXBuildFile; fileRef = 2CC9AB401F2DD38700C8357E /* RNModelController+RNFavoriteInfo.swift */; };
		2CC9AB431F2DDC1300C8357E /* RNFavoriteTableViewController.swift in Sources */ = {isa = PBXBuildFile; fileRef = 2CC9AB421F2DDC1300C8357E /* RNFavoriteTableViewController.swift */; };
		2CC9AB451F2DDF9100C8357E /* RNFavoriteTableViewCell.swift in Sources */ = {isa = PBXBuildFile; fileRef = 2CC9AB441F2DDF9100C8357E /* RNFavoriteTableViewCell.swift */; };
		2CDA890B1F41A5E40026C966 /* RNQuestionViewController.swift in Sources */ = {isa = PBXBuildFile; fileRef = 2CDA890A1F41A5E40026C966 /* RNQuestionViewController.swift */; };
		2CDA890D1F41A7290026C966 /* RNQuestionTableViewCell.swift in Sources */ = {isa = PBXBuildFile; fileRef = 2CDA890C1F41A7290026C966 /* RNQuestionTableViewCell.swift */; };
		2CDA890F1F41AE0D0026C966 /* RNQuestionInfo.swift in Sources */ = {isa = PBXBuildFile; fileRef = 2CDA890E1F41AE0D0026C966 /* RNQuestionInfo.swift */; };
		2CDA89111F41B2B50026C966 /* RNQuestionAnswerInfo.swift in Sources */ = {isa = PBXBuildFile; fileRef = 2CDA89101F41B2B50026C966 /* RNQuestionAnswerInfo.swift */; };
		2CDBD7F5265544650097A91B /* GADRewardedInterstitialAd+.swift in Sources */ = {isa = PBXBuildFile; fileRef = 2CDBD7F4265544650097A91B /* GADRewardedInterstitialAd+.swift */; };
		2CFEA1852593423000F56F69 /* LSAlarmSettingsViewController.swift in Sources */ = {isa = PBXBuildFile; fileRef = 2CFEA1842593423000F56F69 /* LSAlarmSettingsViewController.swift */; };
		7293195834CBE6FD9113BC82 /* Pods_realtornoteTests.framework in Frameworks */ = {isa = PBXBuildFile; fileRef = 0F555FD2F0094A1E9CA4B6F4 /* Pods_realtornoteTests.framework */; };
		DB09DF2F6B32F40CF0464F7F /* Pods_realtornoteUITests.framework in Frameworks */ = {isa = PBXBuildFile; fileRef = 4E52052CF679A7259D1EB8B8 /* Pods_realtornoteUITests.framework */; };
/* End PBXBuildFile section */

/* Begin PBXContainerItemProxy section */
		2C0D80A01F25C7DA002F58A5 /* PBXContainerItemProxy */ = {
			isa = PBXContainerItemProxy;
			containerPortal = 2C0D80811F25C7D9002F58A5 /* Project object */;
			proxyType = 1;
			remoteGlobalIDString = 2C0D80881F25C7D9002F58A5;
			remoteInfo = realtornote;
		};
		2C0D80AB1F25C7DA002F58A5 /* PBXContainerItemProxy */ = {
			isa = PBXContainerItemProxy;
			containerPortal = 2C0D80811F25C7D9002F58A5 /* Project object */;
			proxyType = 1;
			remoteGlobalIDString = 2C0D80881F25C7D9002F58A5;
			remoteInfo = realtornote;
		};
/* End PBXContainerItemProxy section */

/* Begin PBXFileReference section */
		0F555FD2F0094A1E9CA4B6F4 /* Pods_realtornoteTests.framework */ = {isa = PBXFileReference; explicitFileType = wrapper.framework; includeInIndex = 0; path = Pods_realtornoteTests.framework; sourceTree = BUILT_PRODUCTS_DIR; };
		2C04BD1D1F286DE60010CD69 /* RNSubjectViewController.swift */ = {isa = PBXFileReference; fileEncoding = 4; lastKnownFileType = sourcecode.swift; path = RNSubjectViewController.swift; sourceTree = "<group>"; };
		2C0D80891F25C7D9002F58A5 /* realtornote.app */ = {isa = PBXFileReference; explicitFileType = wrapper.application; includeInIndex = 0; path = realtornote.app; sourceTree = BUILT_PRODUCTS_DIR; };
		2C0D808C1F25C7D9002F58A5 /* AppDelegate.swift */ = {isa = PBXFileReference; lastKnownFileType = sourcecode.swift; path = AppDelegate.swift; sourceTree = "<group>"; };
		2C0D80901F25C7D9002F58A5 /* SecondViewController.swift */ = {isa = PBXFileReference; lastKnownFileType = sourcecode.swift; path = SecondViewController.swift; sourceTree = "<group>"; };
		2C0D80931F25C7D9002F58A5 /* Base */ = {isa = PBXFileReference; lastKnownFileType = file.storyboard; name = Base; path = Base.lproj/Main.storyboard; sourceTree = "<group>"; };
		2C0D80951F25C7D9002F58A5 /* Assets.xcassets */ = {isa = PBXFileReference; lastKnownFileType = folder.assetcatalog; path = Assets.xcassets; sourceTree = "<group>"; };
		2C0D80981F25C7D9002F58A5 /* Base */ = {isa = PBXFileReference; lastKnownFileType = file.storyboard; name = Base; path = Base.lproj/LaunchScreen.storyboard; sourceTree = "<group>"; };
		2C0D809A1F25C7D9002F58A5 /* Info.plist */ = {isa = PBXFileReference; lastKnownFileType = text.plist.xml; path = Info.plist; sourceTree = "<group>"; };
		2C0D809F1F25C7DA002F58A5 /* realtornoteTests.xctest */ = {isa = PBXFileReference; explicitFileType = wrapper.cfbundle; includeInIndex = 0; path = realtornoteTests.xctest; sourceTree = BUILT_PRODUCTS_DIR; };
		2C0D80A31F25C7DA002F58A5 /* realtornoteTests.swift */ = {isa = PBXFileReference; lastKnownFileType = sourcecode.swift; path = realtornoteTests.swift; sourceTree = "<group>"; };
		2C0D80A51F25C7DA002F58A5 /* Info.plist */ = {isa = PBXFileReference; lastKnownFileType = text.plist.xml; path = Info.plist; sourceTree = "<group>"; };
		2C0D80AA1F25C7DA002F58A5 /* realtornoteUITests.xctest */ = {isa = PBXFileReference; explicitFileType = wrapper.cfbundle; includeInIndex = 0; path = realtornoteUITests.xctest; sourceTree = BUILT_PRODUCTS_DIR; };
		2C0D80AE1F25C7DA002F58A5 /* realtornoteUITests.swift */ = {isa = PBXFileReference; lastKnownFileType = sourcecode.swift; path = realtornoteUITests.swift; sourceTree = "<group>"; };
		2C0D80B01F25C7DA002F58A5 /* Info.plist */ = {isa = PBXFileReference; lastKnownFileType = text.plist.xml; path = Info.plist; sourceTree = "<group>"; };
		2C0D80BE1F25C989002F58A5 /* MainViewController.swift */ = {isa = PBXFileReference; fileEncoding = 4; lastKnownFileType = sourcecode.swift; path = MainViewController.swift; sourceTree = "<group>"; };
		2C129F8D22C64B6900091C19 /* Analytics+.swift */ = {isa = PBXFileReference; lastKnownFileType = sourcecode.swift; path = "Analytics+.swift"; sourceTree = "<group>"; };
		2C12B003208B87AB00242517 /* .gitignore */ = {isa = PBXFileReference; fileEncoding = 4; lastKnownFileType = text; path = .gitignore; sourceTree = "<group>"; };
		2C13CB3D211B1F4500312C73 /* GoogleService-Info.plist */ = {isa = PBXFileReference; fileEncoding = 4; lastKnownFileType = text.plist.xml; path = "GoogleService-Info.plist"; sourceTree = "<group>"; };
		2C1468DA20C6234B00F81270 /* realtornote.entitlements */ = {isa = PBXFileReference; lastKnownFileType = text.plist.entitlements; path = realtornote.entitlements; sourceTree = "<group>"; };
		2C14D2E61F5EAFE3000EDF9E /* GADRewardManager.swift */ = {isa = PBXFileReference; fileEncoding = 4; lastKnownFileType = sourcecode.swift; path = GADRewardManager.swift; sourceTree = "<group>"; };
		2C155A68211EBA8F00028266 /* firebase_crash.json */ = {isa = PBXFileReference; fileEncoding = 4; lastKnownFileType = text.json; path = firebase_crash.json; sourceTree = "<group>"; };
		2C1938071F272C0900E4BCFB /* RNExcelController.swift */ = {isa = PBXFileReference; fileEncoding = 4; lastKnownFileType = sourcecode.swift; path = RNExcelController.swift; sourceTree = "<group>"; };
		2C19380E1F27300A00E4BCFB /* LSDefaults.swift */ = {isa = PBXFileReference; fileEncoding = 4; lastKnownFileType = sourcecode.swift; path = LSDefaults.swift; sourceTree = "<group>"; };
		2C1938101F2730D700E4BCFB /* realtornote.xlsx */ = {isa = PBXFileReference; lastKnownFileType = file; path = realtornote.xlsx; sourceTree = "<group>"; };
		2C1938191F273EFB00E4BCFB /* RNExcelChapter.swift */ = {isa = PBXFileReference; fileEncoding = 4; lastKnownFileType = sourcecode.swift; path = RNExcelChapter.swift; sourceTree = "<group>"; };
		2C19381B1F273EFB00E4BCFB /* RNExcelSubject.swift */ = {isa = PBXFileReference; fileEncoding = 4; lastKnownFileType = sourcecode.swift; path = RNExcelSubject.swift; sourceTree = "<group>"; };
		2C19381F1F27410400E4BCFB /* RNExcelController+RNExcelSubject.swift */ = {isa = PBXFileReference; fileEncoding = 4; lastKnownFileType = sourcecode.swift; path = "RNExcelController+RNExcelSubject.swift"; sourceTree = "<group>"; };
		2C1938231F274D5F00E4BCFB /* RNExcelPart.swift */ = {isa = PBXFileReference; fileEncoding = 4; lastKnownFileType = sourcecode.swift; path = RNExcelPart.swift; sourceTree = "<group>"; };
		2C1938251F274EA800E4BCFB /* RNExcelController+RNExcelChapter.swift */ = {isa = PBXFileReference; fileEncoding = 4; lastKnownFileType = sourcecode.swift; path = "RNExcelController+RNExcelChapter.swift"; sourceTree = "<group>"; };
		2C1DBD8A2037F42B0009E531 /* RNInternetViewController.swift */ = {isa = PBXFileReference; lastKnownFileType = sourcecode.swift; path = RNInternetViewController.swift; sourceTree = "<group>"; };
		2C1DC6481F45C1C6007A9D57 /* LSCountDownLabel.swift */ = {isa = PBXFileReference; fileEncoding = 4; lastKnownFileType = sourcecode.swift; path = LSCountDownLabel.swift; sourceTree = "<group>"; };
		2C2140181F39C08F00BDF853 /* LSDocumentRecognizer.swift */ = {isa = PBXFileReference; fileEncoding = 4; lastKnownFileType = sourcecode.swift; path = LSDocumentRecognizer.swift; sourceTree = "<group>"; };
		2C2FB9842359DE7300CFD891 /* GoogleService-Info-FCM.plist */ = {isa = PBXFileReference; fileEncoding = 4; lastKnownFileType = text.plist.xml; path = "GoogleService-Info-FCM.plist"; sourceTree = "<group>"; };
		2C4AE7BC1F2751AD00644322 /* RNExcelController+RNExcelPart.swift */ = {isa = PBXFileReference; fileEncoding = 4; lastKnownFileType = sourcecode.swift; path = "RNExcelController+RNExcelPart.swift"; sourceTree = "<group>"; };
		2C4AE7BF1F27581E00644322 /* realtornote.xcdatamodel */ = {isa = PBXFileReference; lastKnownFileType = wrapper.xcdatamodel; path = realtornote.xcdatamodel; sourceTree = "<group>"; };
		2C4AE7C31F275ED200644322 /* RNModelController.swift */ = {isa = PBXFileReference; fileEncoding = 4; lastKnownFileType = sourcecode.swift; path = RNModelController.swift; sourceTree = "<group>"; };
		2C4AE7C51F27631C00644322 /* RNModelController+RNSubjectInfo.swift */ = {isa = PBXFileReference; fileEncoding = 4; lastKnownFileType = sourcecode.swift; path = "RNModelController+RNSubjectInfo.swift"; sourceTree = "<group>"; };
		2C4AE7C71F27689D00644322 /* RNModelController+RNChapterInfo.swift */ = {isa = PBXFileReference; fileEncoding = 4; lastKnownFileType = sourcecode.swift; path = "RNModelController+RNChapterInfo.swift"; sourceTree = "<group>"; };
		2C4AE7C91F276DB000644322 /* RNModelController+RNPartInfo.swift */ = {isa = PBXFileReference; fileEncoding = 4; lastKnownFileType = sourcecode.swift; path = "RNModelController+RNPartInfo.swift"; sourceTree = "<group>"; };
		2C4AE7CC1F276F6400644322 /* RNModelController+RNExcelController.swift */ = {isa = PBXFileReference; fileEncoding = 4; lastKnownFileType = sourcecode.swift; path = "RNModelController+RNExcelController.swift"; sourceTree = "<group>"; };
		2C4AE7CE1F27782100644322 /* RNSubjectInfo+RNExcelSubject.swift */ = {isa = PBXFileReference; fileEncoding = 4; lastKnownFileType = sourcecode.swift; path = "RNSubjectInfo+RNExcelSubject.swift"; sourceTree = "<group>"; };
		2C4AE7D21F277F2F00644322 /* RNSubjectInfo+.swift */ = {isa = PBXFileReference; fileEncoding = 4; lastKnownFileType = sourcecode.swift; path = "RNSubjectInfo+.swift"; sourceTree = "<group>"; };
		2C4AE7D41F27812700644322 /* RNChapterInfo+.swift */ = {isa = PBXFileReference; fileEncoding = 4; lastKnownFileType = sourcecode.swift; path = "RNChapterInfo+.swift"; sourceTree = "<group>"; };
		2C4AE7D61F27879400644322 /* RNChapterInfo+RNExcelChapter.swift */ = {isa = PBXFileReference; fileEncoding = 4; lastKnownFileType = sourcecode.swift; path = "RNChapterInfo+RNExcelChapter.swift"; sourceTree = "<group>"; };
		2C542EA31F288EB9000C21E3 /* RNPartViewController.swift */ = {isa = PBXFileReference; fileEncoding = 4; lastKnownFileType = sourcecode.swift; path = RNPartViewController.swift; sourceTree = "<group>"; };
		2C5C058E20C6AEBA0064E4DB /* RNPushController.swift */ = {isa = PBXFileReference; lastKnownFileType = sourcecode.swift; path = RNPushController.swift; sourceTree = "<group>"; };
		2C5C059020C6AFCA0064E4DB /* realtornote.plist */ = {isa = PBXFileReference; lastKnownFileType = text.plist.xml; path = realtornote.plist; sourceTree = "<group>"; };
		2C8669BE292A6C0F002A2EB7 /* DonationMessgeType.swift */ = {isa = PBXFileReference; lastKnownFileType = sourcecode.swift; path = DonationMessgeType.swift; sourceTree = "<group>"; };
		2C93E4371F2F2AE500AFD09D /* ReviewManager.swift */ = {isa = PBXFileReference; fileEncoding = 4; lastKnownFileType = sourcecode.swift; path = ReviewManager.swift; sourceTree = "<group>"; };
		2C93E43F1F2F2C2C00AFD09D /* UIApplication+KakaoLink.swift */ = {isa = PBXFileReference; fileEncoding = 4; lastKnownFileType = sourcecode.swift; path = "UIApplication+KakaoLink.swift"; sourceTree = "<group>"; };
		2C93E4411F2F32E000AFD09D /* GADInterstitial+.swift */ = {isa = PBXFileReference; fileEncoding = 4; lastKnownFileType = sourcecode.swift; path = "GADInterstitial+.swift"; sourceTree = "<group>"; };
		2C93E4431F2F32EE00AFD09D /* GADBannerView+.swift */ = {isa = PBXFileReference; fileEncoding = 4; lastKnownFileType = sourcecode.swift; path = "GADBannerView+.swift"; sourceTree = "<group>"; };
		2C93E4451F2F71F900AFD09D /* Settings.bundle */ = {isa = PBXFileReference; lastKnownFileType = "wrapper.plug-in"; path = Settings.bundle; sourceTree = "<group>"; };
		2C95BEC92038007A004DCD95 /* RNTabBarController.swift */ = {isa = PBXFileReference; fileEncoding = 4; lastKnownFileType = sourcecode.swift; path = RNTabBarController.swift; sourceTree = "<group>"; };
		2CA04761292E5856001B539E /* UILabel+.swift */ = {isa = PBXFileReference; lastKnownFileType = sourcecode.swift; path = "UILabel+.swift"; sourceTree = "<group>"; };
		2CA4678C29252086000AD4F9 /* DonateViewController.swift */ = {isa = PBXFileReference; lastKnownFileType = sourcecode.swift; path = DonateViewController.swift; sourceTree = "<group>"; };
		2CA7A3D02927C63F00AB82F7 /* LSRemoteConfig.swift */ = {isa = PBXFileReference; lastKnownFileType = sourcecode.swift; path = LSRemoteConfig.swift; sourceTree = "<group>"; };
		2CAD5FE824CD246E002C61E4 /* GADNativeTableViewCell.swift */ = {isa = PBXFileReference; lastKnownFileType = sourcecode.swift; path = GADNativeTableViewCell.swift; sourceTree = "<group>"; };
		2CB0F863258BA051004F6ED9 /* LSUserNotificationManager.swift */ = {isa = PBXFileReference; lastKnownFileType = sourcecode.swift; path = LSUserNotificationManager.swift; sourceTree = "<group>"; };
		2CB0F86D258BAC47004F6ED9 /* RNAlarmTableViewController.swift */ = {isa = PBXFileReference; lastKnownFileType = sourcecode.swift; path = RNAlarmTableViewController.swift; sourceTree = "<group>"; };
		2CB175CA25A5C75D00047833 /* Date+.swift */ = {isa = PBXFileReference; lastKnownFileType = sourcecode.swift; path = "Date+.swift"; sourceTree = "<group>"; };
		2CB228A8259CA37F0047DF32 /* Reactive+ObservableCollection.swift */ = {isa = PBXFileReference; lastKnownFileType = sourcecode.swift; path = "Reactive+ObservableCollection.swift"; sourceTree = "<group>"; };
		2CB228AD259CB7AC0047DF32 /* RNAlarmTableViewCell.swift */ = {isa = PBXFileReference; lastKnownFileType = sourcecode.swift; path = RNAlarmTableViewCell.swift; sourceTree = "<group>"; };
		2CB5AD732923D435001420D1 /* Inter-Medium.ttf */ = {isa = PBXFileReference; lastKnownFileType = file; path = "Inter-Medium.ttf"; sourceTree = "<group>"; };
		2CB5AD742923D678001420D1 /* Inter-Bold.ttf */ = {isa = PBXFileReference; lastKnownFileType = file; path = "Inter-Bold.ttf"; sourceTree = "<group>"; };
		2CB6C85F259B1B2E001BCBE4 /* RNModelController+RNAlarmInfo.swift */ = {isa = PBXFileReference; lastKnownFileType = sourcecode.swift; path = "RNModelController+RNAlarmInfo.swift"; sourceTree = "<group>"; };
		2CB6C864259B1EE2001BCBE4 /* RNAlarmModel+.swift */ = {isa = PBXFileReference; lastKnownFileType = sourcecode.swift; path = "RNAlarmModel+.swift"; sourceTree = "<group>"; };
		2CB6C86B259B2005001BCBE4 /* RNAlarmManager.swift */ = {isa = PBXFileReference; lastKnownFileType = sourcecode.swift; path = RNAlarmManager.swift; sourceTree = "<group>"; };
		2CB6C8A1259B3D16001BCBE4 /* RNAlarmModel+LSUserNotification.swift */ = {isa = PBXFileReference; lastKnownFileType = sourcecode.swift; path = "RNAlarmModel+LSUserNotification.swift"; sourceTree = "<group>"; };
		2CB6C8AD259B751D001BCBE4 /* RNAlarmTableViewModel.swift */ = {isa = PBXFileReference; lastKnownFileType = sourcecode.swift; path = RNAlarmTableViewModel.swift; sourceTree = "<group>"; };
		2CBA44A22906DAB6001537CC /* .github */ = {isa = PBXFileReference; lastKnownFileType = folder; path = .github; sourceTree = "<group>"; };
		2CBDDFC72596CE3C00039259 /* LSToast.swift */ = {isa = PBXFileReference; lastKnownFileType = sourcecode.swift; path = LSToast.swift; sourceTree = "<group>"; };
		2CBDDFED2596D1D100039259 /* LSLabel.swift */ = {isa = PBXFileReference; lastKnownFileType = sourcecode.swift; path = LSLabel.swift; sourceTree = "<group>"; };
		2CBDDFF22596D22B00039259 /* UIView+.swift */ = {isa = PBXFileReference; lastKnownFileType = sourcecode.swift; path = "UIView+.swift"; sourceTree = "<group>"; };
		2CBDDFF72596D94700039259 /* CGRect+.swift */ = {isa = PBXFileReference; lastKnownFileType = sourcecode.swift; path = "CGRect+.swift"; sourceTree = "<group>"; };
		2CBFBF2429074DD30033DDC7 /* Fastfile */ = {isa = PBXFileReference; lastKnownFileType = text; path = Fastfile; sourceTree = "<group>"; };
		2CC9AB401F2DD38700C8357E /* RNModelController+RNFavoriteInfo.swift */ = {isa = PBXFileReference; fileEncoding = 4; lastKnownFileType = sourcecode.swift; path = "RNModelController+RNFavoriteInfo.swift"; sourceTree = "<group>"; };
		2CC9AB421F2DDC1300C8357E /* RNFavoriteTableViewController.swift */ = {isa = PBXFileReference; fileEncoding = 4; lastKnownFileType = sourcecode.swift; path = RNFavoriteTableViewController.swift; sourceTree = "<group>"; };
		2CC9AB441F2DDF9100C8357E /* RNFavoriteTableViewCell.swift */ = {isa = PBXFileReference; fileEncoding = 4; lastKnownFileType = sourcecode.swift; path = RNFavoriteTableViewCell.swift; sourceTree = "<group>"; };
		2CC9AB461F2E051D00C8357E /* ko */ = {isa = PBXFileReference; lastKnownFileType = text.plist.strings; name = ko; path = ko.lproj/Main.strings; sourceTree = "<group>"; };
		2CC9AB471F2E051F00C8357E /* ko */ = {isa = PBXFileReference; lastKnownFileType = text.plist.strings; name = ko; path = ko.lproj/LaunchScreen.strings; sourceTree = "<group>"; };
		2CDA890A1F41A5E40026C966 /* RNQuestionViewController.swift */ = {isa = PBXFileReference; fileEncoding = 4; lastKnownFileType = sourcecode.swift; path = RNQuestionViewController.swift; sourceTree = "<group>"; };
		2CDA890C1F41A7290026C966 /* RNQuestionTableViewCell.swift */ = {isa = PBXFileReference; fileEncoding = 4; lastKnownFileType = sourcecode.swift; path = RNQuestionTableViewCell.swift; sourceTree = "<group>"; };
		2CDA890E1F41AE0D0026C966 /* RNQuestionInfo.swift */ = {isa = PBXFileReference; fileEncoding = 4; lastKnownFileType = sourcecode.swift; path = RNQuestionInfo.swift; sourceTree = "<group>"; };
		2CDA89101F41B2B50026C966 /* RNQuestionAnswerInfo.swift */ = {isa = PBXFileReference; fileEncoding = 4; lastKnownFileType = sourcecode.swift; path = RNQuestionAnswerInfo.swift; sourceTree = "<group>"; };
		2CDBD7F4265544650097A91B /* GADRewardedInterstitialAd+.swift */ = {isa = PBXFileReference; lastKnownFileType = sourcecode.swift; path = "GADRewardedInterstitialAd+.swift"; sourceTree = "<group>"; };
		2CFEA1842593423000F56F69 /* LSAlarmSettingsViewController.swift */ = {isa = PBXFileReference; lastKnownFileType = sourcecode.swift; path = LSAlarmSettingsViewController.swift; sourceTree = "<group>"; };
		4E52052CF679A7259D1EB8B8 /* Pods_realtornoteUITests.framework */ = {isa = PBXFileReference; explicitFileType = wrapper.framework; includeInIndex = 0; path = Pods_realtornoteUITests.framework; sourceTree = BUILT_PRODUCTS_DIR; };
		7B0D0A9B5FFBBCCD6E05E267 /* Pods-realtornoteUITests.release.xcconfig */ = {isa = PBXFileReference; includeInIndex = 1; lastKnownFileType = text.xcconfig; name = "Pods-realtornoteUITests.release.xcconfig"; path = "Pods/Target Support Files/Pods-realtornoteUITests/Pods-realtornoteUITests.release.xcconfig"; sourceTree = "<group>"; };
		AB2179A845B8C7BF6C822231 /* Pods-realtornote.release.xcconfig */ = {isa = PBXFileReference; includeInIndex = 1; lastKnownFileType = text.xcconfig; name = "Pods-realtornote.release.xcconfig"; path = "Pods/Target Support Files/Pods-realtornote/Pods-realtornote.release.xcconfig"; sourceTree = "<group>"; };
		AE0136927338BEC3E7347F32 /* Pods-realtornoteUITests.debug.xcconfig */ = {isa = PBXFileReference; includeInIndex = 1; lastKnownFileType = text.xcconfig; name = "Pods-realtornoteUITests.debug.xcconfig"; path = "Pods/Target Support Files/Pods-realtornoteUITests/Pods-realtornoteUITests.debug.xcconfig"; sourceTree = "<group>"; };
		BB359B9258AE056390FB4C12 /* Pods_realtornote.framework */ = {isa = PBXFileReference; explicitFileType = wrapper.framework; includeInIndex = 0; path = Pods_realtornote.framework; sourceTree = BUILT_PRODUCTS_DIR; };
		BF7AF745B3001E32D220084D /* Pods-realtornoteTests.debug.xcconfig */ = {isa = PBXFileReference; includeInIndex = 1; lastKnownFileType = text.xcconfig; name = "Pods-realtornoteTests.debug.xcconfig"; path = "Pods/Target Support Files/Pods-realtornoteTests/Pods-realtornoteTests.debug.xcconfig"; sourceTree = "<group>"; };
		C423D66454905F65DB508DFC /* Pods-realtornote.debug.xcconfig */ = {isa = PBXFileReference; includeInIndex = 1; lastKnownFileType = text.xcconfig; name = "Pods-realtornote.debug.xcconfig"; path = "Pods/Target Support Files/Pods-realtornote/Pods-realtornote.debug.xcconfig"; sourceTree = "<group>"; };
		E78BAF2AD18CB5FA29562F7E /* Pods-realtornoteTests.release.xcconfig */ = {isa = PBXFileReference; includeInIndex = 1; lastKnownFileType = text.xcconfig; name = "Pods-realtornoteTests.release.xcconfig"; path = "Pods/Target Support Files/Pods-realtornoteTests/Pods-realtornoteTests.release.xcconfig"; sourceTree = "<group>"; };
/* End PBXFileReference section */

/* Begin PBXFrameworksBuildPhase section */
		2C0D80861F25C7D9002F58A5 /* Frameworks */ = {
			isa = PBXFrameworksBuildPhase;
			buildActionMask = 2147483647;
			files = (
				0D7884B12B820EF3FBD64900 /* Pods_realtornote.framework in Frameworks */,
			);
			runOnlyForDeploymentPostprocessing = 0;
		};
		2C0D809C1F25C7DA002F58A5 /* Frameworks */ = {
			isa = PBXFrameworksBuildPhase;
			buildActionMask = 2147483647;
			files = (
				7293195834CBE6FD9113BC82 /* Pods_realtornoteTests.framework in Frameworks */,
			);
			runOnlyForDeploymentPostprocessing = 0;
		};
		2C0D80A71F25C7DA002F58A5 /* Frameworks */ = {
			isa = PBXFrameworksBuildPhase;
			buildActionMask = 2147483647;
			files = (
				DB09DF2F6B32F40CF0464F7F /* Pods_realtornoteUITests.framework in Frameworks */,
			);
			runOnlyForDeploymentPostprocessing = 0;
		};
/* End PBXFrameworksBuildPhase section */

/* Begin PBXGroup section */
		277ACD23FDEE25BD430CD7F9 /* Frameworks */ = {
			isa = PBXGroup;
			children = (
				BB359B9258AE056390FB4C12 /* Pods_realtornote.framework */,
				0F555FD2F0094A1E9CA4B6F4 /* Pods_realtornoteTests.framework */,
				4E52052CF679A7259D1EB8B8 /* Pods_realtornoteUITests.framework */,
			);
			name = Frameworks;
			sourceTree = "<group>";
		};
		291F3DA11DD06AE80A99A872 /* Pods */ = {
			isa = PBXGroup;
			children = (
				C423D66454905F65DB508DFC /* Pods-realtornote.debug.xcconfig */,
				AB2179A845B8C7BF6C822231 /* Pods-realtornote.release.xcconfig */,
				BF7AF745B3001E32D220084D /* Pods-realtornoteTests.debug.xcconfig */,
				E78BAF2AD18CB5FA29562F7E /* Pods-realtornoteTests.release.xcconfig */,
				AE0136927338BEC3E7347F32 /* Pods-realtornoteUITests.debug.xcconfig */,
				7B0D0A9B5FFBBCCD6E05E267 /* Pods-realtornoteUITests.release.xcconfig */,
			);
			name = Pods;
			sourceTree = "<group>";
		};
		2C04BD1C1F286CF30010CD69 /* view */ = {
			isa = PBXGroup;
			children = (
				2CBDDFC62596CD3C00039259 /* common */,
				2CB0F86C258BABD7004F6ED9 /* alarm */,
				2C04BD1D1F286DE60010CD69 /* RNSubjectViewController.swift */,
				2C542EA31F288EB9000C21E3 /* RNPartViewController.swift */,
				2CC9AB421F2DDC1300C8357E /* RNFavoriteTableViewController.swift */,
				2CC9AB441F2DDF9100C8357E /* RNFavoriteTableViewCell.swift */,
				2CDA890A1F41A5E40026C966 /* RNQuestionViewController.swift */,
				2CDA890C1F41A7290026C966 /* RNQuestionTableViewCell.swift */,
				2C1DBD8A2037F42B0009E531 /* RNInternetViewController.swift */,
				2CAD5FE824CD246E002C61E4 /* GADNativeTableViewCell.swift */,
				2CA4678C29252086000AD4F9 /* DonateViewController.swift */,
			);
			path = view;
			sourceTree = "<group>";
		};
		2C0D80801F25C7D9002F58A5 = {
			isa = PBXGroup;
			children = (
				2C12B003208B87AB00242517 /* .gitignore */,
				2CBFBF2129074D980033DDC7 /* fastlane */,
				2CBA44A22906DAB6001537CC /* .github */,
				2C0D808B1F25C7D9002F58A5 /* realtornote */,
				2C0D80A21F25C7DA002F58A5 /* realtornoteTests */,
				2C0D80AD1F25C7DA002F58A5 /* realtornoteUITests */,
				2C0D808A1F25C7D9002F58A5 /* Products */,
				291F3DA11DD06AE80A99A872 /* Pods */,
				277ACD23FDEE25BD430CD7F9 /* Frameworks */,
			);
			sourceTree = "<group>";
		};
		2C0D808A1F25C7D9002F58A5 /* Products */ = {
			isa = PBXGroup;
			children = (
				2C0D80891F25C7D9002F58A5 /* realtornote.app */,
				2C0D809F1F25C7DA002F58A5 /* realtornoteTests.xctest */,
				2C0D80AA1F25C7DA002F58A5 /* realtornoteUITests.xctest */,
			);
			name = Products;
			sourceTree = "<group>";
		};
		2C0D808B1F25C7D9002F58A5 /* realtornote */ = {
			isa = PBXGroup;
			children = (
				2CB5AD702923D253001420D1 /* fonts */,
				2C1468DA20C6234B00F81270 /* realtornote.entitlements */,
				2CB0F862258BA00B004F6ED9 /* extensions */,
				2C155A65211EB44B00028266 /* crash */,
				2C19380A1F272DA200E4BCFB /* leesam */,
				2C4AE7CB1F276F2F00644322 /* sync */,
				2C0D80BD1F25C866002F58A5 /* database */,
				2CB6C86A259B1FCF001BCBE4 /* alarm */,
				2C5C058D20C6AE840064E4DB /* push */,
				2C0D80BC1F25C847002F58A5 /* excel */,
				2C19380D1F272F4300E4BCFB /* data */,
				2C04BD1C1F286CF30010CD69 /* view */,
				2CB6C8A9259B746B001BCBE4 /* viewModel */,
				2C0D80901F25C7D9002F58A5 /* SecondViewController.swift */,
				2C0D808C1F25C7D9002F58A5 /* AppDelegate.swift */,
				2C95BEC92038007A004DCD95 /* RNTabBarController.swift */,
				2C0D80BE1F25C989002F58A5 /* MainViewController.swift */,
				2C0D80921F25C7D9002F58A5 /* Main.storyboard */,
				2C0D80951F25C7D9002F58A5 /* Assets.xcassets */,
				2C0D80971F25C7D9002F58A5 /* LaunchScreen.storyboard */,
				2C13CB3D211B1F4500312C73 /* GoogleService-Info.plist */,
				2C2FB9842359DE7300CFD891 /* GoogleService-Info-FCM.plist */,
				2C0D809A1F25C7D9002F58A5 /* Info.plist */,
				2C5C059020C6AFCA0064E4DB /* realtornote.plist */,
				2C93E4451F2F71F900AFD09D /* Settings.bundle */,
			);
			path = realtornote;
			sourceTree = "<group>";
		};
		2C0D80A21F25C7DA002F58A5 /* realtornoteTests */ = {
			isa = PBXGroup;
			children = (
				2C0D80A31F25C7DA002F58A5 /* realtornoteTests.swift */,
				2C0D80A51F25C7DA002F58A5 /* Info.plist */,
			);
			path = realtornoteTests;
			sourceTree = "<group>";
		};
		2C0D80AD1F25C7DA002F58A5 /* realtornoteUITests */ = {
			isa = PBXGroup;
			children = (
				2C0D80AE1F25C7DA002F58A5 /* realtornoteUITests.swift */,
				2C0D80B01F25C7DA002F58A5 /* Info.plist */,
			);
			path = realtornoteUITests;
			sourceTree = "<group>";
		};
		2C0D80BC1F25C847002F58A5 /* excel */ = {
			isa = PBXGroup;
			children = (
				2C1938181F273E8100E4BCFB /* sheet */,
				2C1938071F272C0900E4BCFB /* RNExcelController.swift */,
				2C19381F1F27410400E4BCFB /* RNExcelController+RNExcelSubject.swift */,
				2C1938251F274EA800E4BCFB /* RNExcelController+RNExcelChapter.swift */,
				2C4AE7BC1F2751AD00644322 /* RNExcelController+RNExcelPart.swift */,
			);
			path = excel;
			sourceTree = "<group>";
		};
		2C0D80BD1F25C866002F58A5 /* database */ = {
			isa = PBXGroup;
			children = (
				2C4AE7BE1F27581E00644322 /* realtornote.xcdatamodeld */,
				2C4AE7C31F275ED200644322 /* RNModelController.swift */,
				2C4AE7C51F27631C00644322 /* RNModelController+RNSubjectInfo.swift */,
				2C4AE7C71F27689D00644322 /* RNModelController+RNChapterInfo.swift */,
				2C4AE7C91F276DB000644322 /* RNModelController+RNPartInfo.swift */,
				2CC9AB401F2DD38700C8357E /* RNModelController+RNFavoriteInfo.swift */,
				2CB6C85F259B1B2E001BCBE4 /* RNModelController+RNAlarmInfo.swift */,
				2C4AE7D21F277F2F00644322 /* RNSubjectInfo+.swift */,
				2C4AE7D41F27812700644322 /* RNChapterInfo+.swift */,
				2CB6C864259B1EE2001BCBE4 /* RNAlarmModel+.swift */,
				2CB6C8A1259B3D16001BCBE4 /* RNAlarmModel+LSUserNotification.swift */,
			);
			path = database;
			sourceTree = "<group>";
		};
		2C155A65211EB44B00028266 /* crash */ = {
			isa = PBXGroup;
			children = (
				2C155A68211EBA8F00028266 /* firebase_crash.json */,
			);
			path = crash;
			sourceTree = "<group>";
		};
		2C19380A1F272DA200E4BCFB /* leesam */ = {
			isa = PBXGroup;
			children = (
				2C93E4371F2F2AE500AFD09D /* ReviewManager.swift */,
				2C93E43F1F2F2C2C00AFD09D /* UIApplication+KakaoLink.swift */,
				2C93E4411F2F32E000AFD09D /* GADInterstitial+.swift */,
				2C93E4431F2F32EE00AFD09D /* GADBannerView+.swift */,
				2C2140181F39C08F00BDF853 /* LSDocumentRecognizer.swift */,
				2C1DC6481F45C1C6007A9D57 /* LSCountDownLabel.swift */,
				2C14D2E61F5EAFE3000EDF9E /* GADRewardManager.swift */,
				2C129F8D22C64B6900091C19 /* Analytics+.swift */,
			);
			path = leesam;
			sourceTree = "<group>";
		};
		2C19380D1F272F4300E4BCFB /* data */ = {
			isa = PBXGroup;
			children = (
				2C1938101F2730D700E4BCFB /* realtornote.xlsx */,
				2C19380E1F27300A00E4BCFB /* LSDefaults.swift */,
				2CDA890E1F41AE0D0026C966 /* RNQuestionInfo.swift */,
				2CDA89101F41B2B50026C966 /* RNQuestionAnswerInfo.swift */,
				2CA7A3D02927C63F00AB82F7 /* LSRemoteConfig.swift */,
				2C8669BE292A6C0F002A2EB7 /* DonationMessgeType.swift */,
			);
			path = data;
			sourceTree = "<group>";
		};
		2C1938181F273E8100E4BCFB /* sheet */ = {
			isa = PBXGroup;
			children = (
				2C19381B1F273EFB00E4BCFB /* RNExcelSubject.swift */,
				2C1938191F273EFB00E4BCFB /* RNExcelChapter.swift */,
				2C1938231F274D5F00E4BCFB /* RNExcelPart.swift */,
			);
			path = sheet;
			sourceTree = "<group>";
		};
		2C4AE7CB1F276F2F00644322 /* sync */ = {
			isa = PBXGroup;
			children = (
				2C4AE7CC1F276F6400644322 /* RNModelController+RNExcelController.swift */,
				2C4AE7CE1F27782100644322 /* RNSubjectInfo+RNExcelSubject.swift */,
				2C4AE7D61F27879400644322 /* RNChapterInfo+RNExcelChapter.swift */,
			);
			path = sync;
			sourceTree = "<group>";
		};
		2C5C058D20C6AE840064E4DB /* push */ = {
			isa = PBXGroup;
			children = (
				2C5C058E20C6AEBA0064E4DB /* RNPushController.swift */,
			);
			path = push;
			sourceTree = "<group>";
		};
		2CB0F862258BA00B004F6ED9 /* extensions */ = {
			isa = PBXGroup;
			children = (
				2CB0F863258BA051004F6ED9 /* LSUserNotificationManager.swift */,
				2CBDDFF22596D22B00039259 /* UIView+.swift */,
				2CBDDFF72596D94700039259 /* CGRect+.swift */,
				2CB228A8259CA37F0047DF32 /* Reactive+ObservableCollection.swift */,
				2CB175CA25A5C75D00047833 /* Date+.swift */,
				2CDBD7F4265544650097A91B /* GADRewardedInterstitialAd+.swift */,
				2CA04761292E5856001B539E /* UILabel+.swift */,
			);
			path = extensions;
			sourceTree = "<group>";
		};
		2CB0F86C258BABD7004F6ED9 /* alarm */ = {
			isa = PBXGroup;
			children = (
				2CB0F86D258BAC47004F6ED9 /* RNAlarmTableViewController.swift */,
				2CB228AD259CB7AC0047DF32 /* RNAlarmTableViewCell.swift */,
				2CFEA1842593423000F56F69 /* LSAlarmSettingsViewController.swift */,
			);
			path = alarm;
			sourceTree = "<group>";
		};
		2CB5AD702923D253001420D1 /* fonts */ = {
			isa = PBXGroup;
			children = (
				2CB5AD732923D435001420D1 /* Inter-Medium.ttf */,
				2CB5AD742923D678001420D1 /* Inter-Bold.ttf */,
			);
			path = fonts;
			sourceTree = "<group>";
		};
		2CB6C86A259B1FCF001BCBE4 /* alarm */ = {
			isa = PBXGroup;
			children = (
				2CB6C86B259B2005001BCBE4 /* RNAlarmManager.swift */,
			);
			path = alarm;
			sourceTree = "<group>";
		};
		2CB6C8A9259B746B001BCBE4 /* viewModel */ = {
			isa = PBXGroup;
			children = (
				2CB6C8AD259B751D001BCBE4 /* RNAlarmTableViewModel.swift */,
			);
			path = viewModel;
			sourceTree = "<group>";
		};
		2CBDDFC62596CD3C00039259 /* common */ = {
			isa = PBXGroup;
			children = (
				2CBDDFC72596CE3C00039259 /* LSToast.swift */,
				2CBDDFED2596D1D100039259 /* LSLabel.swift */,
			);
			path = common;
			sourceTree = "<group>";
		};
		2CBFBF2129074D980033DDC7 /* fastlane */ = {
			isa = PBXGroup;
			children = (
				2CBFBF2429074DD30033DDC7 /* Fastfile */,
			);
			path = fastlane;
			sourceTree = "<group>";
		};
/* End PBXGroup section */

/* Begin PBXNativeTarget section */
		2C0D80881F25C7D9002F58A5 /* realtornote */ = {
			isa = PBXNativeTarget;
			buildConfigurationList = 2C0D80B31F25C7DA002F58A5 /* Build configuration list for PBXNativeTarget "realtornote" */;
			buildPhases = (
				11E43D1EFD336141F960FB38 /* [CP] Check Pods Manifest.lock */,
				2C0D80851F25C7D9002F58A5 /* Sources */,
				2C0D80861F25C7D9002F58A5 /* Frameworks */,
				2C0D80871F25C7D9002F58A5 /* Resources */,
				9ECADFF9E7ACE763DBCCFDFF /* [CP] Embed Pods Frameworks */,
				2C155A6A211EBAD200028266 /* ShellScript */,
			);
			buildRules = (
			);
			dependencies = (
			);
			name = realtornote;
			productName = realtornote;
			productReference = 2C0D80891F25C7D9002F58A5 /* realtornote.app */;
			productType = "com.apple.product-type.application";
		};
		2C0D809E1F25C7DA002F58A5 /* realtornoteTests */ = {
			isa = PBXNativeTarget;
			buildConfigurationList = 2C0D80B61F25C7DA002F58A5 /* Build configuration list for PBXNativeTarget "realtornoteTests" */;
			buildPhases = (
				898C422087F29E8B54ECEE7B /* [CP] Check Pods Manifest.lock */,
				2C0D809B1F25C7DA002F58A5 /* Sources */,
				2C0D809C1F25C7DA002F58A5 /* Frameworks */,
				2C0D809D1F25C7DA002F58A5 /* Resources */,
			);
			buildRules = (
			);
			dependencies = (
				2C0D80A11F25C7DA002F58A5 /* PBXTargetDependency */,
			);
			name = realtornoteTests;
			productName = realtornoteTests;
			productReference = 2C0D809F1F25C7DA002F58A5 /* realtornoteTests.xctest */;
			productType = "com.apple.product-type.bundle.unit-test";
		};
		2C0D80A91F25C7DA002F58A5 /* realtornoteUITests */ = {
			isa = PBXNativeTarget;
			buildConfigurationList = 2C0D80B91F25C7DA002F58A5 /* Build configuration list for PBXNativeTarget "realtornoteUITests" */;
			buildPhases = (
				10C2D4FECD9685F9738AAD46 /* [CP] Check Pods Manifest.lock */,
				2C0D80A61F25C7DA002F58A5 /* Sources */,
				2C0D80A71F25C7DA002F58A5 /* Frameworks */,
				2C0D80A81F25C7DA002F58A5 /* Resources */,
			);
			buildRules = (
			);
			dependencies = (
				2C0D80AC1F25C7DA002F58A5 /* PBXTargetDependency */,
			);
			name = realtornoteUITests;
			productName = realtornoteUITests;
			productReference = 2C0D80AA1F25C7DA002F58A5 /* realtornoteUITests.xctest */;
			productType = "com.apple.product-type.bundle.ui-testing";
		};
/* End PBXNativeTarget section */

/* Begin PBXProject section */
		2C0D80811F25C7D9002F58A5 /* Project object */ = {
			isa = PBXProject;
			attributes = {
				LastSwiftUpdateCheck = 0830;
				LastUpgradeCheck = 0930;
				ORGANIZATIONNAME = leesam;
				TargetAttributes = {
					2C0D80881F25C7D9002F58A5 = {
						CreatedOnToolsVersion = 8.3.3;
						DevelopmentTeam = M29A6H95KD;
						LastSwiftMigration = 0930;
						ProvisioningStyle = Automatic;
						SystemCapabilities = {
							com.apple.BackgroundModes = {
								enabled = 1;
							};
							com.apple.Push = {
								enabled = 1;
							};
						};
					};
					2C0D809E1F25C7DA002F58A5 = {
						CreatedOnToolsVersion = 8.3.3;
						DevelopmentTeam = M29A6H95KD;
						LastSwiftMigration = 0930;
						ProvisioningStyle = Automatic;
						TestTargetID = 2C0D80881F25C7D9002F58A5;
					};
					2C0D80A91F25C7DA002F58A5 = {
						CreatedOnToolsVersion = 8.3.3;
						DevelopmentTeam = M29A6H95KD;
						LastSwiftMigration = 0930;
						ProvisioningStyle = Automatic;
						TestTargetID = 2C0D80881F25C7D9002F58A5;
					};
				};
			};
			buildConfigurationList = 2C0D80841F25C7D9002F58A5 /* Build configuration list for PBXProject "realtornote" */;
			compatibilityVersion = "Xcode 3.2";
			developmentRegion = English;
			hasScannedForEncodings = 0;
			knownRegions = (
				English,
				en,
				Base,
				ko,
			);
			mainGroup = 2C0D80801F25C7D9002F58A5;
			productRefGroup = 2C0D808A1F25C7D9002F58A5 /* Products */;
			projectDirPath = "";
			projectRoot = "";
			targets = (
				2C0D80881F25C7D9002F58A5 /* realtornote */,
				2C0D809E1F25C7DA002F58A5 /* realtornoteTests */,
				2C0D80A91F25C7DA002F58A5 /* realtornoteUITests */,
			);
		};
/* End PBXProject section */

/* Begin PBXResourcesBuildPhase section */
		2C0D80871F25C7D9002F58A5 /* Resources */ = {
			isa = PBXResourcesBuildPhase;
			buildActionMask = 2147483647;
			files = (
				2C155A69211EBA8F00028266 /* firebase_crash.json in Resources */,
				2CBA44A32906DAB6001537CC /* .github in Resources */,
				2C1938171F27393800E4BCFB /* realtornote.xlsx in Resources */,
				2C13CB3E211B1F4500312C73 /* GoogleService-Info.plist in Resources */,
				2C2FB9852359DE7300CFD891 /* GoogleService-Info-FCM.plist in Resources */,
				2C12B004208B87AB00242517 /* .gitignore in Resources */,
				2CBFBF2529074DD30033DDC7 /* Fastfile in Resources */,
				2C5C059120C6AFCA0064E4DB /* realtornote.plist in Resources */,
				2C0D80991F25C7D9002F58A5 /* LaunchScreen.storyboard in Resources */,
				2C0D80961F25C7D9002F58A5 /* Assets.xcassets in Resources */,
				2CB5AD7A2923E645001420D1 /* Inter-Bold.ttf in Resources */,
				2CB5AD792923E643001420D1 /* Inter-Medium.ttf in Resources */,
				2C93E4461F2F71F900AFD09D /* Settings.bundle in Resources */,
				2C0D80941F25C7D9002F58A5 /* Main.storyboard in Resources */,
			);
			runOnlyForDeploymentPostprocessing = 0;
		};
		2C0D809D1F25C7DA002F58A5 /* Resources */ = {
			isa = PBXResourcesBuildPhase;
			buildActionMask = 2147483647;
			files = (
			);
			runOnlyForDeploymentPostprocessing = 0;
		};
		2C0D80A81F25C7DA002F58A5 /* Resources */ = {
			isa = PBXResourcesBuildPhase;
			buildActionMask = 2147483647;
			files = (
			);
			runOnlyForDeploymentPostprocessing = 0;
		};
/* End PBXResourcesBuildPhase section */

/* Begin PBXShellScriptBuildPhase section */
		10C2D4FECD9685F9738AAD46 /* [CP] Check Pods Manifest.lock */ = {
			isa = PBXShellScriptBuildPhase;
			buildActionMask = 2147483647;
			files = (
			);
			inputPaths = (
				"${PODS_PODFILE_DIR_PATH}/Podfile.lock",
				"${PODS_ROOT}/Manifest.lock",
			);
			name = "[CP] Check Pods Manifest.lock";
			outputPaths = (
				"$(DERIVED_FILE_DIR)/Pods-realtornoteUITests-checkManifestLockResult.txt",
			);
			runOnlyForDeploymentPostprocessing = 0;
			shellPath = /bin/sh;
			shellScript = "diff \"${PODS_PODFILE_DIR_PATH}/Podfile.lock\" \"${PODS_ROOT}/Manifest.lock\" > /dev/null\nif [ $? != 0 ] ; then\n    # print error to STDERR\n    echo \"error: The sandbox is not in sync with the Podfile.lock. Run 'pod install' or update your CocoaPods installation.\" >&2\n    exit 1\nfi\n# This output is used by Xcode 'outputs' to avoid re-running this script phase.\necho \"SUCCESS\" > \"${SCRIPT_OUTPUT_FILE_0}\"\n";
			showEnvVarsInLog = 0;
		};
		11E43D1EFD336141F960FB38 /* [CP] Check Pods Manifest.lock */ = {
			isa = PBXShellScriptBuildPhase;
			buildActionMask = 2147483647;
			files = (
			);
			inputPaths = (
				"${PODS_PODFILE_DIR_PATH}/Podfile.lock",
				"${PODS_ROOT}/Manifest.lock",
			);
			name = "[CP] Check Pods Manifest.lock";
			outputPaths = (
				"$(DERIVED_FILE_DIR)/Pods-realtornote-checkManifestLockResult.txt",
			);
			runOnlyForDeploymentPostprocessing = 0;
			shellPath = /bin/sh;
			shellScript = "diff \"${PODS_PODFILE_DIR_PATH}/Podfile.lock\" \"${PODS_ROOT}/Manifest.lock\" > /dev/null\nif [ $? != 0 ] ; then\n    # print error to STDERR\n    echo \"error: The sandbox is not in sync with the Podfile.lock. Run 'pod install' or update your CocoaPods installation.\" >&2\n    exit 1\nfi\n# This output is used by Xcode 'outputs' to avoid re-running this script phase.\necho \"SUCCESS\" > \"${SCRIPT_OUTPUT_FILE_0}\"\n";
			showEnvVarsInLog = 0;
		};
		2C155A6A211EBAD200028266 /* ShellScript */ = {
			isa = PBXShellScriptBuildPhase;
			buildActionMask = 2147483647;
			files = (
			);
			inputPaths = (
				"$(SRCROOT)/$(BUILT_PRODUCTS_DIR)/$(INFOPLIST_PATH)",
			);
			outputPaths = (
			);
			runOnlyForDeploymentPostprocessing = 0;
			shellPath = /bin/sh;
			shellScript = "${PODS_ROOT}/FirebaseCrashlytics/run -gsp \"${PROJECT_DIR}/${PROJECT}/GoogleService-Info.plist\"\n";
		};
		898C422087F29E8B54ECEE7B /* [CP] Check Pods Manifest.lock */ = {
			isa = PBXShellScriptBuildPhase;
			buildActionMask = 2147483647;
			files = (
			);
			inputPaths = (
				"${PODS_PODFILE_DIR_PATH}/Podfile.lock",
				"${PODS_ROOT}/Manifest.lock",
			);
			name = "[CP] Check Pods Manifest.lock";
			outputPaths = (
				"$(DERIVED_FILE_DIR)/Pods-realtornoteTests-checkManifestLockResult.txt",
			);
			runOnlyForDeploymentPostprocessing = 0;
			shellPath = /bin/sh;
			shellScript = "diff \"${PODS_PODFILE_DIR_PATH}/Podfile.lock\" \"${PODS_ROOT}/Manifest.lock\" > /dev/null\nif [ $? != 0 ] ; then\n    # print error to STDERR\n    echo \"error: The sandbox is not in sync with the Podfile.lock. Run 'pod install' or update your CocoaPods installation.\" >&2\n    exit 1\nfi\n# This output is used by Xcode 'outputs' to avoid re-running this script phase.\necho \"SUCCESS\" > \"${SCRIPT_OUTPUT_FILE_0}\"\n";
			showEnvVarsInLog = 0;
		};
		9ECADFF9E7ACE763DBCCFDFF /* [CP] Embed Pods Frameworks */ = {
			isa = PBXShellScriptBuildPhase;
			buildActionMask = 2147483647;
			files = (
			);
			inputPaths = (
				"${PODS_ROOT}/Target Support Files/Pods-realtornote/Pods-realtornote-frameworks.sh",
				"${BUILT_PRODUCTS_DIR}/Alamofire/Alamofire.framework",
				"${BUILT_PRODUCTS_DIR}/Differentiator/Differentiator.framework",
				"${BUILT_PRODUCTS_DIR}/DropDown/DropDown.framework",
				"${BUILT_PRODUCTS_DIR}/FirebaseABTesting/FirebaseABTesting.framework",
				"${BUILT_PRODUCTS_DIR}/FirebaseCore/FirebaseCore.framework",
				"${BUILT_PRODUCTS_DIR}/FirebaseCoreExtension/FirebaseCoreExtension.framework",
				"${BUILT_PRODUCTS_DIR}/FirebaseCoreInternal/FirebaseCoreInternal.framework",
				"${BUILT_PRODUCTS_DIR}/FirebaseCrashlytics/FirebaseCrashlytics.framework",
				"${BUILT_PRODUCTS_DIR}/FirebaseInstallations/FirebaseInstallations.framework",
				"${BUILT_PRODUCTS_DIR}/FirebaseMessaging/FirebaseMessaging.framework",
				"${BUILT_PRODUCTS_DIR}/FirebaseRemoteConfig/FirebaseRemoteConfig.framework",
				"${BUILT_PRODUCTS_DIR}/FirebaseSessions/FirebaseSessions.framework",
				"${BUILT_PRODUCTS_DIR}/FirebaseSharedSwift/FirebaseSharedSwift.framework",
				"${BUILT_PRODUCTS_DIR}/GoogleDataTransport/GoogleDataTransport.framework",
				"${BUILT_PRODUCTS_DIR}/GoogleUtilities/GoogleUtilities.framework",
				"${BUILT_PRODUCTS_DIR}/LSCountDownLabel/LSCountDownLabel.framework",
				"${BUILT_PRODUCTS_DIR}/LSExtensions/LSExtensions.framework",
				"${BUILT_PRODUCTS_DIR}/ProgressWebViewController/ProgressWebViewController.framework",
				"${BUILT_PRODUCTS_DIR}/PromisesObjC/FBLPromises.framework",
				"${BUILT_PRODUCTS_DIR}/PromisesSwift/Promises.framework",
				"${BUILT_PRODUCTS_DIR}/RxCocoa/RxCocoa.framework",
				"${BUILT_PRODUCTS_DIR}/RxDataSources/RxDataSources.framework",
				"${BUILT_PRODUCTS_DIR}/RxRelay/RxRelay.framework",
				"${BUILT_PRODUCTS_DIR}/RxSwift/RxSwift.framework",
				"${BUILT_PRODUCTS_DIR}/SSZipArchive/SSZipArchive.framework",
				"${BUILT_PRODUCTS_DIR}/StringLogger/StringLogger.framework",
				"${BUILT_PRODUCTS_DIR}/SwiftGifOrigin/SwiftGifOrigin.framework",
				"${BUILT_PRODUCTS_DIR}/Toast-Swift/Toast_Swift.framework",
				"${BUILT_PRODUCTS_DIR}/XMLDictionary/XMLDictionary.framework",
				"${BUILT_PRODUCTS_DIR}/XlsxReaderWriter/XlsxReaderWriter.framework",
				"${BUILT_PRODUCTS_DIR}/nanopb/nanopb.framework",
			);
			name = "[CP] Embed Pods Frameworks";
			outputPaths = (
				"${TARGET_BUILD_DIR}/${FRAMEWORKS_FOLDER_PATH}/Alamofire.framework",
				"${TARGET_BUILD_DIR}/${FRAMEWORKS_FOLDER_PATH}/Differentiator.framework",
				"${TARGET_BUILD_DIR}/${FRAMEWORKS_FOLDER_PATH}/DropDown.framework",
				"${TARGET_BUILD_DIR}/${FRAMEWORKS_FOLDER_PATH}/FirebaseABTesting.framework",
				"${TARGET_BUILD_DIR}/${FRAMEWORKS_FOLDER_PATH}/FirebaseCore.framework",
				"${TARGET_BUILD_DIR}/${FRAMEWORKS_FOLDER_PATH}/FirebaseCoreExtension.framework",
				"${TARGET_BUILD_DIR}/${FRAMEWORKS_FOLDER_PATH}/FirebaseCoreInternal.framework",
				"${TARGET_BUILD_DIR}/${FRAMEWORKS_FOLDER_PATH}/FirebaseCrashlytics.framework",
				"${TARGET_BUILD_DIR}/${FRAMEWORKS_FOLDER_PATH}/FirebaseInstallations.framework",
				"${TARGET_BUILD_DIR}/${FRAMEWORKS_FOLDER_PATH}/FirebaseMessaging.framework",
				"${TARGET_BUILD_DIR}/${FRAMEWORKS_FOLDER_PATH}/FirebaseRemoteConfig.framework",
				"${TARGET_BUILD_DIR}/${FRAMEWORKS_FOLDER_PATH}/FirebaseSessions.framework",
				"${TARGET_BUILD_DIR}/${FRAMEWORKS_FOLDER_PATH}/FirebaseSharedSwift.framework",
				"${TARGET_BUILD_DIR}/${FRAMEWORKS_FOLDER_PATH}/GoogleDataTransport.framework",
				"${TARGET_BUILD_DIR}/${FRAMEWORKS_FOLDER_PATH}/GoogleUtilities.framework",
				"${TARGET_BUILD_DIR}/${FRAMEWORKS_FOLDER_PATH}/LSCountDownLabel.framework",
				"${TARGET_BUILD_DIR}/${FRAMEWORKS_FOLDER_PATH}/LSExtensions.framework",
				"${TARGET_BUILD_DIR}/${FRAMEWORKS_FOLDER_PATH}/ProgressWebViewController.framework",
				"${TARGET_BUILD_DIR}/${FRAMEWORKS_FOLDER_PATH}/FBLPromises.framework",
				"${TARGET_BUILD_DIR}/${FRAMEWORKS_FOLDER_PATH}/Promises.framework",
				"${TARGET_BUILD_DIR}/${FRAMEWORKS_FOLDER_PATH}/RxCocoa.framework",
				"${TARGET_BUILD_DIR}/${FRAMEWORKS_FOLDER_PATH}/RxDataSources.framework",
				"${TARGET_BUILD_DIR}/${FRAMEWORKS_FOLDER_PATH}/RxRelay.framework",
				"${TARGET_BUILD_DIR}/${FRAMEWORKS_FOLDER_PATH}/RxSwift.framework",
				"${TARGET_BUILD_DIR}/${FRAMEWORKS_FOLDER_PATH}/SSZipArchive.framework",
				"${TARGET_BUILD_DIR}/${FRAMEWORKS_FOLDER_PATH}/StringLogger.framework",
				"${TARGET_BUILD_DIR}/${FRAMEWORKS_FOLDER_PATH}/SwiftGifOrigin.framework",
				"${TARGET_BUILD_DIR}/${FRAMEWORKS_FOLDER_PATH}/Toast_Swift.framework",
				"${TARGET_BUILD_DIR}/${FRAMEWORKS_FOLDER_PATH}/XMLDictionary.framework",
				"${TARGET_BUILD_DIR}/${FRAMEWORKS_FOLDER_PATH}/XlsxReaderWriter.framework",
				"${TARGET_BUILD_DIR}/${FRAMEWORKS_FOLDER_PATH}/nanopb.framework",
			);
			runOnlyForDeploymentPostprocessing = 0;
			shellPath = /bin/sh;
			shellScript = "\"${PODS_ROOT}/Target Support Files/Pods-realtornote/Pods-realtornote-frameworks.sh\"\n";
			showEnvVarsInLog = 0;
		};
/* End PBXShellScriptBuildPhase section */

/* Begin PBXSourcesBuildPhase section */
		2C0D80851F25C7D9002F58A5 /* Sources */ = {
			isa = PBXSourcesBuildPhase;
			buildActionMask = 2147483647;
			files = (
				2C8669BD292A1641002A2EB7 /* LSRemoteConfig.swift in Sources */,
				2C8669BF292A6C0F002A2EB7 /* DonationMessgeType.swift in Sources */,
				2C4AE7D31F277F2F00644322 /* RNSubjectInfo+.swift in Sources */,
				2C19381C1F273EFB00E4BCFB /* RNExcelChapter.swift in Sources */,
				2CBDDFC82596CE3C00039259 /* LSToast.swift in Sources */,
				2C1938081F272C0900E4BCFB /* RNExcelController.swift in Sources */,
				2CBDDFEE2596D1D100039259 /* LSLabel.swift in Sources */,
				2CDA890F1F41AE0D0026C966 /* RNQuestionInfo.swift in Sources */,
				2C4AE7BD1F2751AD00644322 /* RNExcelController+RNExcelPart.swift in Sources */,
				2CB6C8AE259B751D001BCBE4 /* RNAlarmTableViewModel.swift in Sources */,
				2C14D2E71F5EAFE3000EDF9E /* GADRewardManager.swift in Sources */,
				2C0D80911F25C7D9002F58A5 /* SecondViewController.swift in Sources */,
				2CAD5FE924CD246E002C61E4 /* GADNativeTableViewCell.swift in Sources */,
				2CDA89111F41B2B50026C966 /* RNQuestionAnswerInfo.swift in Sources */,
				2CB175CB25A5C75D00047833 /* Date+.swift in Sources */,
				2CB6C8A2259B3D16001BCBE4 /* RNAlarmModel+LSUserNotification.swift in Sources */,
				2CDBD7F5265544650097A91B /* GADRewardedInterstitialAd+.swift in Sources */,
				2C4AE7CF1F27782100644322 /* RNSubjectInfo+RNExcelSubject.swift in Sources */,
				2CBDDFF32596D22B00039259 /* UIView+.swift in Sources */,
				2C95BECA2038007A004DCD95 /* RNTabBarController.swift in Sources */,
				2C93E4421F2F32E000AFD09D /* GADInterstitial+.swift in Sources */,
				2CA4678D29252086000AD4F9 /* DonateViewController.swift in Sources */,
				2C4AE7CA1F276DB000644322 /* RNModelController+RNPartInfo.swift in Sources */,
				2CDA890B1F41A5E40026C966 /* RNQuestionViewController.swift in Sources */,
				2CB0F86E258BAC47004F6ED9 /* RNAlarmTableViewController.swift in Sources */,
				2CB228A9259CA37F0047DF32 /* Reactive+ObservableCollection.swift in Sources */,
				2CB228AE259CB7AC0047DF32 /* RNAlarmTableViewCell.swift in Sources */,
				2CC9AB451F2DDF9100C8357E /* RNFavoriteTableViewCell.swift in Sources */,
				2C4AE7D71F27879400644322 /* RNChapterInfo+RNExcelChapter.swift in Sources */,
				2C4AE7CD1F276F6400644322 /* RNModelController+RNExcelController.swift in Sources */,
				2C04BD1E1F286DE60010CD69 /* RNSubjectViewController.swift in Sources */,
				2CBDDFF82596D94700039259 /* CGRect+.swift in Sources */,
				2C542EA41F288EB9000C21E3 /* RNPartViewController.swift in Sources */,
				2C0D808D1F25C7D9002F58A5 /* AppDelegate.swift in Sources */,
				2C1938241F274D5F00E4BCFB /* RNExcelPart.swift in Sources */,
				2C4AE7C41F275ED200644322 /* RNModelController.swift in Sources */,
				2CB6C860259B1B2E001BCBE4 /* RNModelController+RNAlarmInfo.swift in Sources */,
				2C5C058F20C6AEBA0064E4DB /* RNPushController.swift in Sources */,
				2C1938201F27410400E4BCFB /* RNExcelController+RNExcelSubject.swift in Sources */,
				2CA04762292E5856001B539E /* UILabel+.swift in Sources */,
				2CC9AB431F2DDC1300C8357E /* RNFavoriteTableViewController.swift in Sources */,
				2CDA890D1F41A7290026C966 /* RNQuestionTableViewCell.swift in Sources */,
				2CB6C865259B1EE2001BCBE4 /* RNAlarmModel+.swift in Sources */,
				2C1938261F274EA800E4BCFB /* RNExcelController+RNExcelChapter.swift in Sources */,
				2C0D80BF1F25C989002F58A5 /* MainViewController.swift in Sources */,
				2C93E4381F2F2AE500AFD09D /* ReviewManager.swift in Sources */,
				2C4AE7C61F27631C00644322 /* RNModelController+RNSubjectInfo.swift in Sources */,
				2C19381E1F273EFB00E4BCFB /* RNExcelSubject.swift in Sources */,
				2CB6C86C259B2005001BCBE4 /* RNAlarmManager.swift in Sources */,
				2C19380F1F27300A00E4BCFB /* LSDefaults.swift in Sources */,
				2C4AE7C01F27581E00644322 /* realtornote.xcdatamodeld in Sources */,
				2C2140191F39C08F00BDF853 /* LSDocumentRecognizer.swift in Sources */,
				2C1DBD8B2037F42B0009E531 /* RNInternetViewController.swift in Sources */,
				2CFEA1852593423000F56F69 /* LSAlarmSettingsViewController.swift in Sources */,
				2C4AE7C81F27689D00644322 /* RNModelController+RNChapterInfo.swift in Sources */,
				2C129F8E22C64B6900091C19 /* Analytics+.swift in Sources */,
				2C4AE7D51F27812700644322 /* RNChapterInfo+.swift in Sources */,
				2C93E4401F2F2C2C00AFD09D /* UIApplication+KakaoLink.swift in Sources */,
				2CC9AB411F2DD38700C8357E /* RNModelController+RNFavoriteInfo.swift in Sources */,
				2C93E4441F2F32EE00AFD09D /* GADBannerView+.swift in Sources */,
				2CB0F864258BA051004F6ED9 /* LSUserNotificationManager.swift in Sources */,
			);
			runOnlyForDeploymentPostprocessing = 0;
		};
		2C0D809B1F25C7DA002F58A5 /* Sources */ = {
			isa = PBXSourcesBuildPhase;
			buildActionMask = 2147483647;
			files = (
				2C0D80A41F25C7DA002F58A5 /* realtornoteTests.swift in Sources */,
			);
			runOnlyForDeploymentPostprocessing = 0;
		};
		2C0D80A61F25C7DA002F58A5 /* Sources */ = {
			isa = PBXSourcesBuildPhase;
			buildActionMask = 2147483647;
			files = (
				2C0D80AF1F25C7DA002F58A5 /* realtornoteUITests.swift in Sources */,
			);
			runOnlyForDeploymentPostprocessing = 0;
		};
/* End PBXSourcesBuildPhase section */

/* Begin PBXTargetDependency section */
		2C0D80A11F25C7DA002F58A5 /* PBXTargetDependency */ = {
			isa = PBXTargetDependency;
			target = 2C0D80881F25C7D9002F58A5 /* realtornote */;
			targetProxy = 2C0D80A01F25C7DA002F58A5 /* PBXContainerItemProxy */;
		};
		2C0D80AC1F25C7DA002F58A5 /* PBXTargetDependency */ = {
			isa = PBXTargetDependency;
			target = 2C0D80881F25C7D9002F58A5 /* realtornote */;
			targetProxy = 2C0D80AB1F25C7DA002F58A5 /* PBXContainerItemProxy */;
		};
/* End PBXTargetDependency section */

/* Begin PBXVariantGroup section */
		2C0D80921F25C7D9002F58A5 /* Main.storyboard */ = {
			isa = PBXVariantGroup;
			children = (
				2C0D80931F25C7D9002F58A5 /* Base */,
				2CC9AB461F2E051D00C8357E /* ko */,
			);
			name = Main.storyboard;
			sourceTree = "<group>";
		};
		2C0D80971F25C7D9002F58A5 /* LaunchScreen.storyboard */ = {
			isa = PBXVariantGroup;
			children = (
				2C0D80981F25C7D9002F58A5 /* Base */,
				2CC9AB471F2E051F00C8357E /* ko */,
			);
			name = LaunchScreen.storyboard;
			sourceTree = "<group>";
		};
/* End PBXVariantGroup section */

/* Begin XCBuildConfiguration section */
		2C0D80B11F25C7DA002F58A5 /* Debug */ = {
			isa = XCBuildConfiguration;
			buildSettings = {
				ALWAYS_SEARCH_USER_PATHS = NO;
				CLANG_ANALYZER_LOCALIZABILITY_NONLOCALIZED = YES;
				CLANG_ANALYZER_NONNULL = YES;
				CLANG_ANALYZER_NUMBER_OBJECT_CONVERSION = YES_AGGRESSIVE;
				CLANG_CXX_LANGUAGE_STANDARD = "gnu++0x";
				CLANG_CXX_LIBRARY = "libc++";
				CLANG_ENABLE_MODULES = YES;
				CLANG_ENABLE_OBJC_ARC = YES;
				CLANG_WARN_BLOCK_CAPTURE_AUTORELEASING = YES;
				CLANG_WARN_BOOL_CONVERSION = YES;
				CLANG_WARN_COMMA = YES;
				CLANG_WARN_CONSTANT_CONVERSION = YES;
				CLANG_WARN_DEPRECATED_OBJC_IMPLEMENTATIONS = YES;
				CLANG_WARN_DIRECT_OBJC_ISA_USAGE = YES_ERROR;
				CLANG_WARN_DOCUMENTATION_COMMENTS = YES;
				CLANG_WARN_EMPTY_BODY = YES;
				CLANG_WARN_ENUM_CONVERSION = YES;
				CLANG_WARN_INFINITE_RECURSION = YES;
				CLANG_WARN_INT_CONVERSION = YES;
				CLANG_WARN_NON_LITERAL_NULL_CONVERSION = YES;
				CLANG_WARN_OBJC_IMPLICIT_RETAIN_SELF = YES;
				CLANG_WARN_OBJC_LITERAL_CONVERSION = YES;
				CLANG_WARN_OBJC_ROOT_CLASS = YES_ERROR;
				CLANG_WARN_RANGE_LOOP_ANALYSIS = YES;
				CLANG_WARN_STRICT_PROTOTYPES = YES;
				CLANG_WARN_SUSPICIOUS_MOVE = YES;
				CLANG_WARN_UNREACHABLE_CODE = YES;
				CLANG_WARN__DUPLICATE_METHOD_MATCH = YES;
				"CODE_SIGN_IDENTITY[sdk=iphoneos*]" = "iPhone Developer";
				COPY_PHASE_STRIP = NO;
				DEBUG_INFORMATION_FORMAT = dwarf;
				ENABLE_STRICT_OBJC_MSGSEND = YES;
				ENABLE_TESTABILITY = YES;
				GCC_C_LANGUAGE_STANDARD = gnu99;
				GCC_DYNAMIC_NO_PIC = NO;
				GCC_NO_COMMON_BLOCKS = YES;
				GCC_OPTIMIZATION_LEVEL = 0;
				GCC_PREPROCESSOR_DEFINITIONS = (
					"DEBUG=1",
					"$(inherited)",
				);
				GCC_WARN_64_TO_32_BIT_CONVERSION = YES;
				GCC_WARN_ABOUT_RETURN_TYPE = YES_ERROR;
				GCC_WARN_UNDECLARED_SELECTOR = YES;
				GCC_WARN_UNINITIALIZED_AUTOS = YES_AGGRESSIVE;
				GCC_WARN_UNUSED_FUNCTION = YES;
				GCC_WARN_UNUSED_VARIABLE = YES;
				IPHONEOS_DEPLOYMENT_TARGET = 10.3;
				MTL_ENABLE_DEBUG_INFO = YES;
				ONLY_ACTIVE_ARCH = YES;
				SDKROOT = iphoneos;
				SWIFT_ACTIVE_COMPILATION_CONDITIONS = DEBUG;
				SWIFT_OPTIMIZATION_LEVEL = "-Onone";
				TARGETED_DEVICE_FAMILY = "1,2";
			};
			name = Debug;
		};
		2C0D80B21F25C7DA002F58A5 /* Release */ = {
			isa = XCBuildConfiguration;
			buildSettings = {
				ALWAYS_SEARCH_USER_PATHS = NO;
				CLANG_ANALYZER_LOCALIZABILITY_NONLOCALIZED = YES;
				CLANG_ANALYZER_NONNULL = YES;
				CLANG_ANALYZER_NUMBER_OBJECT_CONVERSION = YES_AGGRESSIVE;
				CLANG_CXX_LANGUAGE_STANDARD = "gnu++0x";
				CLANG_CXX_LIBRARY = "libc++";
				CLANG_ENABLE_MODULES = YES;
				CLANG_ENABLE_OBJC_ARC = YES;
				CLANG_WARN_BLOCK_CAPTURE_AUTORELEASING = YES;
				CLANG_WARN_BOOL_CONVERSION = YES;
				CLANG_WARN_COMMA = YES;
				CLANG_WARN_CONSTANT_CONVERSION = YES;
				CLANG_WARN_DEPRECATED_OBJC_IMPLEMENTATIONS = YES;
				CLANG_WARN_DIRECT_OBJC_ISA_USAGE = YES_ERROR;
				CLANG_WARN_DOCUMENTATION_COMMENTS = YES;
				CLANG_WARN_EMPTY_BODY = YES;
				CLANG_WARN_ENUM_CONVERSION = YES;
				CLANG_WARN_INFINITE_RECURSION = YES;
				CLANG_WARN_INT_CONVERSION = YES;
				CLANG_WARN_NON_LITERAL_NULL_CONVERSION = YES;
				CLANG_WARN_OBJC_IMPLICIT_RETAIN_SELF = YES;
				CLANG_WARN_OBJC_LITERAL_CONVERSION = YES;
				CLANG_WARN_OBJC_ROOT_CLASS = YES_ERROR;
				CLANG_WARN_RANGE_LOOP_ANALYSIS = YES;
				CLANG_WARN_STRICT_PROTOTYPES = YES;
				CLANG_WARN_SUSPICIOUS_MOVE = YES;
				CLANG_WARN_UNREACHABLE_CODE = YES;
				CLANG_WARN__DUPLICATE_METHOD_MATCH = YES;
				"CODE_SIGN_IDENTITY[sdk=iphoneos*]" = "iPhone Developer";
				COPY_PHASE_STRIP = NO;
				DEBUG_INFORMATION_FORMAT = "dwarf-with-dsym";
				ENABLE_NS_ASSERTIONS = NO;
				ENABLE_STRICT_OBJC_MSGSEND = YES;
				GCC_C_LANGUAGE_STANDARD = gnu99;
				GCC_NO_COMMON_BLOCKS = YES;
				GCC_WARN_64_TO_32_BIT_CONVERSION = YES;
				GCC_WARN_ABOUT_RETURN_TYPE = YES_ERROR;
				GCC_WARN_UNDECLARED_SELECTOR = YES;
				GCC_WARN_UNINITIALIZED_AUTOS = YES_AGGRESSIVE;
				GCC_WARN_UNUSED_FUNCTION = YES;
				GCC_WARN_UNUSED_VARIABLE = YES;
				IPHONEOS_DEPLOYMENT_TARGET = 10.3;
				MTL_ENABLE_DEBUG_INFO = NO;
				SDKROOT = iphoneos;
				SWIFT_OPTIMIZATION_LEVEL = "-Owholemodule";
				TARGETED_DEVICE_FAMILY = "1,2";
				VALIDATE_PRODUCT = YES;
			};
			name = Release;
		};
		2C0D80B41F25C7DA002F58A5 /* Debug */ = {
			isa = XCBuildConfiguration;
			baseConfigurationReference = C423D66454905F65DB508DFC /* Pods-realtornote.debug.xcconfig */;
			buildSettings = {
				ASSETCATALOG_COMPILER_APPICON_NAME = AppIcon;
				CODE_SIGN_ENTITLEMENTS = realtornote/realtornote.entitlements;
				CODE_SIGN_IDENTITY = "Apple Development";
				CODE_SIGN_STYLE = Automatic;
				CURRENT_PROJECT_VERSION = 201;
				DEBUG_INFORMATION_FORMAT = "dwarf-with-dsym";
				DEVELOPMENT_TEAM = M29A6H95KD;
				ENABLE_BITCODE = NO;
				INFOPLIST_FILE = realtornote/Info.plist;
				INFOPLIST_KEY_LSApplicationCategoryType = "public.app-category.education";
				IPHONEOS_DEPLOYMENT_TARGET = 13.0;
				LD_RUNPATH_SEARCH_PATHS = "$(inherited) @executable_path/Frameworks";
				MARKETING_VERSION = 1.1.25;
				PRODUCT_BUNDLE_IDENTIFIER = com.y2k.realtornote;
				PRODUCT_NAME = "$(TARGET_NAME)";
				PROVISIONING_PROFILE = "";
				PROVISIONING_PROFILE_SPECIFIER = "";
				SUPPORTED_PLATFORMS = "iphoneos iphonesimulator";
				SUPPORTS_MACCATALYST = NO;
				SUPPORTS_MAC_DESIGNED_FOR_IPHONE_IPAD = NO;
				SWIFT_SWIFT3_OBJC_INFERENCE = Default;
				SWIFT_VERSION = 4.2;
				TARGETED_DEVICE_FAMILY = "1,2";
			};
			name = Debug;
		};
		2C0D80B51F25C7DA002F58A5 /* Release */ = {
			isa = XCBuildConfiguration;
			baseConfigurationReference = AB2179A845B8C7BF6C822231 /* Pods-realtornote.release.xcconfig */;
			buildSettings = {
				ASSETCATALOG_COMPILER_APPICON_NAME = AppIcon;
				CODE_SIGN_ENTITLEMENTS = realtornote/realtornote.entitlements;
				CODE_SIGN_IDENTITY = "Apple Development";
				CODE_SIGN_STYLE = Automatic;
				CURRENT_PROJECT_VERSION = 201;
				DEVELOPMENT_TEAM = M29A6H95KD;
				ENABLE_BITCODE = NO;
				INFOPLIST_FILE = realtornote/Info.plist;
				INFOPLIST_KEY_LSApplicationCategoryType = "public.app-category.education";
				IPHONEOS_DEPLOYMENT_TARGET = 13.0;
				LD_RUNPATH_SEARCH_PATHS = "$(inherited) @executable_path/Frameworks";
				MARKETING_VERSION = 1.1.25;
				PRODUCT_BUNDLE_IDENTIFIER = com.y2k.realtornote;
				PRODUCT_NAME = "$(TARGET_NAME)";
				PROVISIONING_PROFILE_SPECIFIER = "";
				SUPPORTED_PLATFORMS = "iphoneos iphonesimulator";
				SUPPORTS_MACCATALYST = NO;
				SUPPORTS_MAC_DESIGNED_FOR_IPHONE_IPAD = NO;
				SWIFT_SWIFT3_OBJC_INFERENCE = Default;
				SWIFT_VERSION = 4.2;
				TARGETED_DEVICE_FAMILY = "1,2";
			};
			name = Release;
		};
		2C0D80B71F25C7DA002F58A5 /* Debug */ = {
			isa = XCBuildConfiguration;
			baseConfigurationReference = BF7AF745B3001E32D220084D /* Pods-realtornoteTests.debug.xcconfig */;
			buildSettings = {
				ALWAYS_EMBED_SWIFT_STANDARD_LIBRARIES = YES;
				BUNDLE_LOADER = "$(TEST_HOST)";
				DEVELOPMENT_TEAM = M29A6H95KD;
				INFOPLIST_FILE = realtornoteTests/Info.plist;
				IPHONEOS_DEPLOYMENT_TARGET = 13.0;
				LD_RUNPATH_SEARCH_PATHS = "$(inherited) @executable_path/Frameworks @loader_path/Frameworks";
				PRODUCT_BUNDLE_IDENTIFIER = com.y2k.realtornoteTests;
				PRODUCT_NAME = "$(TARGET_NAME)";
				SWIFT_SWIFT3_OBJC_INFERENCE = On;
				SWIFT_VERSION = 4.0;
				TEST_HOST = "$(BUILT_PRODUCTS_DIR)/realtornote.app/realtornote";
			};
			name = Debug;
		};
		2C0D80B81F25C7DA002F58A5 /* Release */ = {
			isa = XCBuildConfiguration;
			baseConfigurationReference = E78BAF2AD18CB5FA29562F7E /* Pods-realtornoteTests.release.xcconfig */;
			buildSettings = {
				ALWAYS_EMBED_SWIFT_STANDARD_LIBRARIES = YES;
				BUNDLE_LOADER = "$(TEST_HOST)";
				DEVELOPMENT_TEAM = M29A6H95KD;
				INFOPLIST_FILE = realtornoteTests/Info.plist;
				IPHONEOS_DEPLOYMENT_TARGET = 13.0;
				LD_RUNPATH_SEARCH_PATHS = "$(inherited) @executable_path/Frameworks @loader_path/Frameworks";
				PRODUCT_BUNDLE_IDENTIFIER = com.y2k.realtornoteTests;
				PRODUCT_NAME = "$(TARGET_NAME)";
				SWIFT_SWIFT3_OBJC_INFERENCE = On;
				SWIFT_VERSION = 4.0;
				TEST_HOST = "$(BUILT_PRODUCTS_DIR)/realtornote.app/realtornote";
			};
			name = Release;
		};
		2C0D80BA1F25C7DA002F58A5 /* Debug */ = {
			isa = XCBuildConfiguration;
			baseConfigurationReference = AE0136927338BEC3E7347F32 /* Pods-realtornoteUITests.debug.xcconfig */;
			buildSettings = {
				ALWAYS_EMBED_SWIFT_STANDARD_LIBRARIES = YES;
				DEVELOPMENT_TEAM = M29A6H95KD;
				INFOPLIST_FILE = realtornoteUITests/Info.plist;
				IPHONEOS_DEPLOYMENT_TARGET = 13.0;
				LD_RUNPATH_SEARCH_PATHS = "$(inherited) @executable_path/Frameworks @loader_path/Frameworks";
				PRODUCT_BUNDLE_IDENTIFIER = com.y2k.realtornoteUITests;
				PRODUCT_NAME = "$(TARGET_NAME)";
				SWIFT_SWIFT3_OBJC_INFERENCE = On;
				SWIFT_VERSION = 4.0;
				TEST_TARGET_NAME = realtornote;
			};
			name = Debug;
		};
		2C0D80BB1F25C7DA002F58A5 /* Release */ = {
			isa = XCBuildConfiguration;
			baseConfigurationReference = 7B0D0A9B5FFBBCCD6E05E267 /* Pods-realtornoteUITests.release.xcconfig */;
			buildSettings = {
				ALWAYS_EMBED_SWIFT_STANDARD_LIBRARIES = YES;
				DEVELOPMENT_TEAM = M29A6H95KD;
				INFOPLIST_FILE = realtornoteUITests/Info.plist;
				IPHONEOS_DEPLOYMENT_TARGET = 13.0;
				LD_RUNPATH_SEARCH_PATHS = "$(inherited) @executable_path/Frameworks @loader_path/Frameworks";
				PRODUCT_BUNDLE_IDENTIFIER = com.y2k.realtornoteUITests;
				PRODUCT_NAME = "$(TARGET_NAME)";
				SWIFT_SWIFT3_OBJC_INFERENCE = On;
				SWIFT_VERSION = 4.0;
				TEST_TARGET_NAME = realtornote;
			};
			name = Release;
		};
/* End XCBuildConfiguration section */

/* Begin XCConfigurationList section */
		2C0D80841F25C7D9002F58A5 /* Build configuration list for PBXProject "realtornote" */ = {
			isa = XCConfigurationList;
			buildConfigurations = (
				2C0D80B11F25C7DA002F58A5 /* Debug */,
				2C0D80B21F25C7DA002F58A5 /* Release */,
			);
			defaultConfigurationIsVisible = 0;
			defaultConfigurationName = Release;
		};
		2C0D80B31F25C7DA002F58A5 /* Build configuration list for PBXNativeTarget "realtornote" */ = {
			isa = XCConfigurationList;
			buildConfigurations = (
				2C0D80B41F25C7DA002F58A5 /* Debug */,
				2C0D80B51F25C7DA002F58A5 /* Release */,
			);
			defaultConfigurationIsVisible = 0;
			defaultConfigurationName = Release;
		};
		2C0D80B61F25C7DA002F58A5 /* Build configuration list for PBXNativeTarget "realtornoteTests" */ = {
			isa = XCConfigurationList;
			buildConfigurations = (
				2C0D80B71F25C7DA002F58A5 /* Debug */,
				2C0D80B81F25C7DA002F58A5 /* Release */,
			);
			defaultConfigurationIsVisible = 0;
			defaultConfigurationName = Release;
		};
		2C0D80B91F25C7DA002F58A5 /* Build configuration list for PBXNativeTarget "realtornoteUITests" */ = {
			isa = XCConfigurationList;
			buildConfigurations = (
				2C0D80BA1F25C7DA002F58A5 /* Debug */,
				2C0D80BB1F25C7DA002F58A5 /* Release */,
			);
			defaultConfigurationIsVisible = 0;
			defaultConfigurationName = Release;
		};
/* End XCConfigurationList section */

/* Begin XCVersionGroup section */
		2C4AE7BE1F27581E00644322 /* realtornote.xcdatamodeld */ = {
			isa = XCVersionGroup;
			children = (
				2C4AE7BF1F27581E00644322 /* realtornote.xcdatamodel */,
			);
			currentVersion = 2C4AE7BF1F27581E00644322 /* realtornote.xcdatamodel */;
			path = realtornote.xcdatamodeld;
			sourceTree = "<group>";
			versionGroupType = wrapper.xcdatamodel;
		};
/* End XCVersionGroup section */
	};
	rootObject = 2C0D80811F25C7D9002F58A5 /* Project object */;
}
